
Microsoft Visual Studio Solution File, Format Version 12.00
# Visual Studio Version 17
VisualStudioVersion = 17.14.36414.22
MinimumVisualStudioVersion = 10.0.40219.1
Project("{8BC9CEB8-8B4A-11D0-8D11-00A0C91BC942}") = "cpp03_Point2D", "code03\code03.vcxproj", "{0FD6C501-387B-436D-BE9D-716BD853F6FD}"
EndProject
Project("{8BC9CEB8-8B4A-11D0-8D11-00A0C91BC942}") = "cpp04_calculate_sum(", "code04\code04.vcxproj", "{2600A284-0DFF-47E3-A5F5-A70A5635E87A}"
EndProject
Project("{8BC9CEB8-8B4A-11D0-8D11-00A0C91BC942}") = "cpp05_calculate_sum", "code05\code05.vcxproj", "{E890FA28-E7C3-4C02-B561-03312F22A451}"
EndProject
Project("{8BC9CEB8-8B4A-11D0-8D11-00A0C91BC942}") = "cpp06_computeCenter", "code06\code06.vcxproj", "{A36F187B-A3DB-4FAA-B21B-A17DF0BFE9D5}"
EndProject
Project("{8BC9CEB8-8B4A-11D0-8D11-00A0C91BC942}") = "cpp07_array_reallocation", "code07\code07.vcxproj", "{F7F8D5C8-8581-4CF7-BFB1-62C4B356B217}"
EndProject
Project("{8BC9CEB8-8B4A-11D0-8D11-00A0C91BC942}") = "G_A01_02", "G_A01_02\G_A01_02.vcxproj", "{AC0AA8BC-2CFB-4E28-8322-4D9C682E5ACB}"
EndProject
Project("{8BC9CEB8-8B4A-11D0-8D11-00A0C91BC942}") = "G_A01_03", "G_A01_03\G_A01_03.vcxproj", "{5F4AB446-E27C-4ACD-AD3A-0254A9857FDA}"
EndProject
Project("{8BC9CEB8-8B4A-11D0-8D11-00A0C91BC942}") = "G_A01_04", "G_A01_04\G_A01_04.vcxproj", "{12E743EC-F7BC-490F-9003-429FC3C6A272}"
EndProject
Project("{8BC9CEB8-8B4A-11D0-8D11-00A0C91BC942}") = "G_A01_06", "G_A01_06\G_A01_06.vcxproj", "{0185C274-4EBF-47E4-8D2C-5B09AB7FFB60}"
EndProject
Project("{8BC9CEB8-8B4A-11D0-8D11-00A0C91BC942}") = "G_A01_07", "G_A01_07\G_A01_07.vcxproj", "{64705481-C59E-47B7-9878-6D3B6537CC40}"
EndProject
Project("{8BC9CEB8-8B4A-11D0-8D11-00A0C91BC942}") = "G_A01_08", "G_A01_08\G_A01_08.vcxproj", "{B61A6D30-A092-4AA6-B6B4-F186C3F37489}"
EndProject
Project("{8BC9CEB8-8B4A-11D0-8D11-00A0C91BC942}") = "G_A01_09", "G_A01_09\G_A01_09.vcxproj", "{21FB588E-D7F8-4824-BDAD-87D149E9F876}"
EndProject
Project("{8BC9CEB8-8B4A-11D0-8D11-00A0C91BC942}") = "G_A01_10", "G_A01_10\G_A01_10.vcxproj", "{F75B60E3-D057-451C-9761-A0ABE905CF43}"
EndProject
Project("{8BC9CEB8-8B4A-11D0-8D11-00A0C91BC942}") = "G_A01_11", "G_A01_11\G_A01_11.vcxproj", "{72F706D9-3AB3-421F-9162-D0A2A6B52A9C}"
EndProject
Project("{8BC9CEB8-8B4A-11D0-8D11-00A0C91BC942}") = "G_A01_12", "G_A01_12\G_A01_12.vcxproj", "{052C7098-C0FA-43C4-99DE-DD923189E259}"
EndProject
Project("{8BC9CEB8-8B4A-11D0-8D11-00A0C91BC942}") = "G_A01_13", "G_A01_13\G_A01_13.vcxproj", "{37E72B23-55E0-428F-B90A-F5B521F0B218}"
EndProject
Project("{8BC9CEB8-8B4A-11D0-8D11-00A0C91BC942}") = "G_A01_14", "G_A01_14\G_A01_14.vcxproj", "{40B61078-018C-4A4E-AF74-238A1360692F}"
EndProject
Project("{8BC9CEB8-8B4A-11D0-8D11-00A0C91BC942}") = "G_A01_15", "G_A01_15\G_A01_15.vcxproj", "{030BF93D-FD2B-4499-B8A4-8563E9D35D16}"
EndProject
Project("{8BC9CEB8-8B4A-11D0-8D11-00A0C91BC942}") = "G_A01_17", "G_A01_17\G_A01_17.vcxproj", "{27B70054-436B-478F-8625-079F8507F5A5}"
EndProject
Project("{8BC9CEB8-8B4A-11D0-8D11-00A0C91BC942}") = "G_A01_18", "G_A01_18\G_A01_18.vcxproj", "{F28CAAF4-B97B-4C82-9109-09C6543C4037}"
EndProject
Project("{8BC9CEB8-8B4A-11D0-8D11-00A0C91BC942}") = "G_A01_19", "G_A01_19\G_A01_19.vcxproj", "{33972E19-3A86-4D12-8542-3027B63F34C4}"
EndProject
Project("{8BC9CEB8-8B4A-11D0-8D11-00A0C91BC942}") = "G_A01_20", "G_A01_20\G_A01_20.vcxproj", "{9F8BF677-0808-4303-8EFA-C8E7904DD1E7}"
EndProject
Project("{8BC9CEB8-8B4A-11D0-8D11-00A0C91BC942}") = "G_A01_21", "G_A01_21\G_A01_21.vcxproj", "{F947D0C6-ADAD-4B38-95E2-AD825F3EACDB}"
EndProject
Project("{8BC9CEB8-8B4A-11D0-8D11-00A0C91BC942}") = "P_A01_01", "P_A01_01\P_A01_01.vcxproj", "{82B4179A-45AE-4CEF-AE00-4CD9E2479E57}"
EndProject
Project("{8BC9CEB8-8B4A-11D0-8D11-00A0C91BC942}") = "P_A01_02", "P_A01_02\P_A01_02.vcxproj", "{681B901B-DABD-4A3F-82C9-A7E599F6DDE6}"
EndProject
Project("{8BC9CEB8-8B4A-11D0-8D11-00A0C91BC942}") = "P_A01_03", "P_A01_03\P_A01_03.vcxproj", "{04637F72-C6EB-4399-BCF0-EA298A473FE8}"
EndProject
Project("{8BC9CEB8-8B4A-11D0-8D11-00A0C91BC942}") = "P_A01_04", "P_A01_04\P_A01_04.vcxproj", "{873B3D90-7D17-4B3C-94C5-5A571E9DF9EF}"
EndProject
Project("{8BC9CEB8-8B4A-11D0-8D11-00A0C91BC942}") = "c01_stringh_library", "cpp08_stringh_library\cpp08_stringh_library.vcxproj", "{E1CD9885-3CBA-4586-953F-02ABAEA88A92}"
EndProject
Project("{8BC9CEB8-8B4A-11D0-8D11-00A0C91BC942}") = "c02_saving_words", "c02_saving_words\c02_saving_words.vcxproj", "{0F31E1D3-8FB6-4048-9731-22A96E25B7B2}"
EndProject
Project("{8BC9CEB8-8B4A-11D0-8D11-00A0C91BC942}") = "c03_fgets", "c03_fgets\c03_fgets.vcxproj", "{F33E845A-8C47-44B2-87F1-5254496433BA}"
EndProject
Project("{8BC9CEB8-8B4A-11D0-8D11-00A0C91BC942}") = "c04_generating_string", "c04_generating_string\c04_generating_string.vcxproj", "{575E8958-BF2D-4FAB-876F-066649F7A7F4}"
EndProject
Project("{8BC9CEB8-8B4A-11D0-8D11-00A0C91BC942}") = "cpp08_handing_string", "cpp08_handing_string\cpp08_handing_string.vcxproj", "{34BA8C43-4354-48DF-8DDA-66A0D53A1B4E}"
EndProject
Project("{8BC9CEB8-8B4A-11D0-8D11-00A0C91BC942}") = "cpp09_saving_words", "cpp09_saving_words\cpp09_saving_words.vcxproj", "{89781140-6925-45FD-B3A3-AEBD872060BC}"
EndProject
Project("{8BC9CEB8-8B4A-11D0-8D11-00A0C91BC942}") = "cpp10_getline", "cpp10_getline\cpp10_getline.vcxproj", "{03CD0E9D-DCFA-40C7-8BA6-BC5C37864E94}"
EndProject
Project("{8BC9CEB8-8B4A-11D0-8D11-00A0C91BC942}") = "P_A01_05", "P_A01_05\P_A01_05.vcxproj", "{2D2512AE-E0DC-4482-B7D8-34C2DA1954B6}"
EndProject
Project("{8BC9CEB8-8B4A-11D0-8D11-00A0C91BC942}") = "P_A01_06", "P_A01_06\P_A01_06.vcxproj", "{126C8E16-211F-49AD-9F26-9D183CECE24F}"
EndProject
Project("{8BC9CEB8-8B4A-11D0-8D11-00A0C91BC942}") = "P_A01_07", "P_A01_07\P_A01_07.vcxproj", "{4F84BCF2-DE0B-4CB9-8C05-B8759DD25D89}"
EndProject
Project("{8BC9CEB8-8B4A-11D0-8D11-00A0C91BC942}") = "G_A02_01", "G_A02_01\G_A02_01.vcxproj", "{FE07A8CC-DDA2-4B2E-83E5-2D69C381129C}"
EndProject
Project("{8BC9CEB8-8B4A-11D0-8D11-00A0C91BC942}") = "G_A02_02", "G_A02_02\G_A02_02.vcxproj", "{2E67BC2F-40CE-41BC-8264-AA52D78EBA0E}"
EndProject
Project("{8BC9CEB8-8B4A-11D0-8D11-00A0C91BC942}") = "G_A02_03", "G_A02_03\G_A02_03.vcxproj", "{AE5DC055-E92B-4363-9D45-7F26BCFE0028}"
EndProject
Project("{8BC9CEB8-8B4A-11D0-8D11-00A0C91BC942}") = "G_A02_04", "G_A02_04\G_A02_04.vcxproj", "{24167001-B6E3-4F93-BD4F-07D0E6F74B78}"
EndProject
Project("{8BC9CEB8-8B4A-11D0-8D11-00A0C91BC942}") = "P_A02_01", "P_A02_01\P_A02_01.vcxproj", "{525E24EE-B8E0-41D7-9711-B1FA98DBE06E}"
EndProject
Project("{8BC9CEB8-8B4A-11D0-8D11-00A0C91BC942}") = "P_A02_02", "P_A02_02\P_A02_02.vcxproj", "{EA442977-DD7F-4291-9263-D42F63C26880}"
EndProject
Project("{8BC9CEB8-8B4A-11D0-8D11-00A0C91BC942}") = "G_A02_05", "G_A02_05\G_A02_05.vcxproj", "{62429E1A-775A-404C-8BFF-F1F241B6E47A}"
EndProject
Project("{8BC9CEB8-8B4A-11D0-8D11-00A0C91BC942}") = "G_A02_06", "G_A02_06\G_A02_06.vcxproj", "{A95C58F1-4493-4AF1-9CBB-9C4B89F0E307}"
EndProject
Project("{8BC9CEB8-8B4A-11D0-8D11-00A0C91BC942}") = "G_A02_07", "G_A02_07\G_A02_07.vcxproj", "{3D7B6EEA-3642-4242-A0A2-A0906077CFD9}"
EndProject
Project("{8BC9CEB8-8B4A-11D0-8D11-00A0C91BC942}") = "G_A02_08", "G_A02_08\G_A02_08.vcxproj", "{1565356E-6366-41DB-8D31-8508E148FA16}"
EndProject
Project("{8BC9CEB8-8B4A-11D0-8D11-00A0C91BC942}") = "G_A02_09", "G_A02_09\G_A02_09.vcxproj", "{75E7B29F-0654-4FA3-8C3A-CB4BA47581AA}"
EndProject
Project("{8BC9CEB8-8B4A-11D0-8D11-00A0C91BC942}") = "G_A02_10", "G_A02_10\G_A02_10.vcxproj", "{21F38216-17C5-4246-A487-D714C78B755E}"
EndProject
Project("{8BC9CEB8-8B4A-11D0-8D11-00A0C91BC942}") = "G_A02_11", "G_A02_11\G_A02_11.vcxproj", "{A41A2570-9644-4BE3-8768-0FB899900644}"
EndProject
Project("{8BC9CEB8-8B4A-11D0-8D11-00A0C91BC942}") = "G_A02_12", "G_A02_12\G_A02_12.vcxproj", "{B8607099-0803-45E5-B4D8-12429F9446CB}"
EndProject
Project("{8BC9CEB8-8B4A-11D0-8D11-00A0C91BC942}") = "G_A02_13", "G_A02_13\G_A02_13.vcxproj", "{FDA7E28B-87A4-464C-8EC5-23111247651B}"
EndProject
Project("{8BC9CEB8-8B4A-11D0-8D11-00A0C91BC942}") = "P_A02_03", "P_A02_03\P_A02_03.vcxproj", "{44C29A2D-C2AE-450D-9563-EE675B2EDA2B}"
EndProject
Project("{8BC9CEB8-8B4A-11D0-8D11-00A0C91BC942}") = "P_A02_04", "P_A02_04\P_A02_04.vcxproj", "{9C8FE321-3519-4055-9124-376EF598EC52}"
EndProject
Project("{8BC9CEB8-8B4A-11D0-8D11-00A0C91BC942}") = "cpp11_using_list", "cpp11_using_list\cpp11_using_list.vcxproj", "{1BD7877D-8E2F-4BD7-AB01-0538DE606677}"
EndProject
Project("{8BC9CEB8-8B4A-11D0-8D11-00A0C91BC942}") = "cpp12_Music_Library_App", "cpp12_Music_Library_App\cpp12_Music_Library_App.vcxproj", "{E7528A2A-5DB3-4B32-8750-CC663CE22C01}"
EndProject
Project("{8BC9CEB8-8B4A-11D0-8D11-00A0C91BC942}") = "P_A03_01", "P_A03_01\P_A03_01.vcxproj", "{78C7CCB8-EE15-4E93-B796-07EA60BA6F68}"
EndProject
Project("{8BC9CEB8-8B4A-11D0-8D11-00A0C91BC942}") = "P_A03_02", "P_A03_02\P_A03_02.vcxproj", "{AA01B5F0-F55D-49A9-B2F8-202559683056}"
EndProject
Project("{8BC9CEB8-8B4A-11D0-8D11-00A0C91BC942}") = "P_A03_03", "P_A03_03\P_A03_03.vcxproj", "{CFFBFD05-9B43-4DD6-83E2-929E892C8834}"
EndProject
Project("{8BC9CEB8-8B4A-11D0-8D11-00A0C91BC942}") = "P_A03_04", "P_A03_04\P_A03_04.vcxproj", "{B11D9E89-7258-48FB-9787-DE1B401A4E5F}"
EndProject
Project("{8BC9CEB8-8B4A-11D0-8D11-00A0C91BC942}") = "G_A03_01", "G_A03_01\G_A03_01.vcxproj", "{BA4156F6-5A12-4BB6-8EED-AD6A591EDB3B}"
EndProject
Project("{8BC9CEB8-8B4A-11D0-8D11-00A0C91BC942}") = "G_A03_02", "G_A03_02\G_A03_02.vcxproj", "{24D21FBD-1591-46C8-A215-3EA935225C09}"
EndProject
Project("{8BC9CEB8-8B4A-11D0-8D11-00A0C91BC942}") = "G_A03_03", "G_A03_03\G_A03_03.vcxproj", "{3AE3E6DD-CECC-4618-B3C4-279F080FD071}"
EndProject
Project("{8BC9CEB8-8B4A-11D0-8D11-00A0C91BC942}") = "G_A03_05", "G_A03_05\G_A03_05.vcxproj", "{9600A9EF-C760-4A05-8CD4-989EB26122E2}"
EndProject
Project("{8BC9CEB8-8B4A-11D0-8D11-00A0C91BC942}") = "G_A03_06", "G_A03_06\G_A03_06.vcxproj", "{F76E9290-0C78-4A85-A48A-7D3E61B32B7B}"
EndProject
Project("{8BC9CEB8-8B4A-11D0-8D11-00A0C91BC942}") = "G_A03_07", "G_A03_07\G_A03_07.vcxproj", "{53303F84-A718-4850-B198-F35951A2EBDE}"
EndProject
Project("{8BC9CEB8-8B4A-11D0-8D11-00A0C91BC942}") = "P_A04_01", "P_A04_01\P_A04_01.vcxproj", "{F513FEEC-F295-4E82-A995-905565F32DBF}"
EndProject
Project("{8BC9CEB8-8B4A-11D0-8D11-00A0C91BC942}") = "P_A04_02", "P_A04_02\P_A04_02.vcxproj", "{C743D99A-6613-4ACA-96F7-8DF3A689B458}"
EndProject
Project("{8BC9CEB8-8B4A-11D0-8D11-00A0C91BC942}") = "P_A04_03", "P_A04_03\P_A04_03.vcxproj", "{FEA9B57C-7CEC-44A2-86FB-263FC007EA8D}"
EndProject
Project("{8BC9CEB8-8B4A-11D0-8D11-00A0C91BC942}") = "P_A04_04", "P_A04_04\P_A04_04.vcxproj", "{9283C084-7C53-4DA6-A582-D0E91D86ABAC}"
EndProject
Project("{8BC9CEB8-8B4A-11D0-8D11-00A0C91BC942}") = "P_A04_05", "P_A04_05\P_A04_05.vcxproj", "{6A03D259-6458-4C2F-9FD6-8868F666AA07}"
EndProject
Project("{8BC9CEB8-8B4A-11D0-8D11-00A0C91BC942}") = "Cpp_Stack01", "Cpp_Stack01\Cpp_Stack01.vcxproj", "{939CF51B-AC45-4EFB-ABF9-ABD678074D65}"
EndProject
Project("{8BC9CEB8-8B4A-11D0-8D11-00A0C91BC942}") = "Cpp_Stack02", "Cpp_Stack02\Cpp_Stack02.vcxproj", "{2C9D0AEB-7C87-4167-AB22-373439B3312D}"
EndProject
Project("{8BC9CEB8-8B4A-11D0-8D11-00A0C91BC942}") = "Cpp_Stack03", "Cpp_Stack03\Cpp_Stack03.vcxproj", "{DF5BC942-6280-44B2-99B0-5CDD17BE7D4D}"
EndProject
Project("{8BC9CEB8-8B4A-11D0-8D11-00A0C91BC942}") = "Cpp_Stack04", "Cpp_Stack04\Cpp_Stack04.vcxproj", "{3A4734E0-4DC8-4756-A354-8B58BA63E53C}"
EndProject
Project("{8BC9CEB8-8B4A-11D0-8D11-00A0C91BC942}") = "Cpp_Stack05", "Cpp_Stack05\Cpp_Stack05.vcxproj", "{1F89C942-7115-4E78-823D-66FBCD0F4A7D}"
EndProject
Project("{8BC9CEB8-8B4A-11D0-8D11-00A0C91BC942}") = "Cpp_Stack06", "Cpp_Stack06\Cpp_Stack06.vcxproj", "{035DD2B4-8E65-4E6C-AEA4-0D7DF5E80A8D}"
EndProject
Project("{8BC9CEB8-8B4A-11D0-8D11-00A0C91BC942}") = "Cpp_Stack07", "Cpp_Stack07\Cpp_Stack07.vcxproj", "{4C23889C-603B-402D-8556-19D4A6E5AE47}"
EndProject
Project("{8BC9CEB8-8B4A-11D0-8D11-00A0C91BC942}") = "Cpp_Queue01", "Cpp_Queue01\Cpp_Queue01.vcxproj", "{FA5A11B8-FACE-4BA4-B8C5-7127A8015544}"
EndProject
Project("{8BC9CEB8-8B4A-11D0-8D11-00A0C91BC942}") = "Cpp_Queue02", "Cpp_Queue02\Cpp_Queue02.vcxproj", "{8E92FFB8-189C-4AFD-9515-8EC06FC61BCF}"
EndProject
Project("{8BC9CEB8-8B4A-11D0-8D11-00A0C91BC942}") = "Cpp_Queue03", "Cpp_Queue03\Cpp_Queue03.vcxproj", "{EC6F3118-F9E8-406B-A3B6-202934F4ACF5}"
EndProject
Project("{8BC9CEB8-8B4A-11D0-8D11-00A0C91BC942}") = "Cpp_Queue04", "Cpp_Queue04\Cpp_Queue04.vcxproj", "{14E92104-34AD-460E-9760-27B96967AEDC}"
EndProject
Project("{8BC9CEB8-8B4A-11D0-8D11-00A0C91BC942}") = "Cpp_Stack08", "Cpp_Stack08\Cpp_Stack08.vcxproj", "{55774CAA-0884-40FF-8B2A-C97DAE92C394}"
EndProject
Project("{8BC9CEB8-8B4A-11D0-8D11-00A0C91BC942}") = "Cpp_Stack09", "Cpp_Stack09\Cpp_Stack09.vcxproj", "{BD74CA29-CB43-4E6D-912C-9C8DB556D799}"
EndProject
Global
	GlobalSection(SolutionConfigurationPlatforms) = preSolution
		Debug|x64 = Debug|x64
		Debug|x86 = Debug|x86
		Release|x64 = Release|x64
		Release|x86 = Release|x86
	EndGlobalSection
	GlobalSection(ProjectConfigurationPlatforms) = postSolution
		{0FD6C501-387B-436D-BE9D-716BD853F6FD}.Debug|x64.ActiveCfg = Debug|x64
		{0FD6C501-387B-436D-BE9D-716BD853F6FD}.Debug|x64.Build.0 = Debug|x64
		{0FD6C501-387B-436D-BE9D-716BD853F6FD}.Debug|x86.ActiveCfg = Debug|Win32
		{0FD6C501-387B-436D-BE9D-716BD853F6FD}.Debug|x86.Build.0 = Debug|Win32
		{0FD6C501-387B-436D-BE9D-716BD853F6FD}.Release|x64.ActiveCfg = Release|x64
		{0FD6C501-387B-436D-BE9D-716BD853F6FD}.Release|x64.Build.0 = Release|x64
		{0FD6C501-387B-436D-BE9D-716BD853F6FD}.Release|x86.ActiveCfg = Release|Win32
		{0FD6C501-387B-436D-BE9D-716BD853F6FD}.Release|x86.Build.0 = Release|Win32
		{2600A284-0DFF-47E3-A5F5-A70A5635E87A}.Debug|x64.ActiveCfg = Debug|x64
		{2600A284-0DFF-47E3-A5F5-A70A5635E87A}.Debug|x64.Build.0 = Debug|x64
		{2600A284-0DFF-47E3-A5F5-A70A5635E87A}.Debug|x86.ActiveCfg = Debug|Win32
		{2600A284-0DFF-47E3-A5F5-A70A5635E87A}.Debug|x86.Build.0 = Debug|Win32
		{2600A284-0DFF-47E3-A5F5-A70A5635E87A}.Release|x64.ActiveCfg = Release|x64
		{2600A284-0DFF-47E3-A5F5-A70A5635E87A}.Release|x64.Build.0 = Release|x64
		{2600A284-0DFF-47E3-A5F5-A70A5635E87A}.Release|x86.ActiveCfg = Release|Win32
		{2600A284-0DFF-47E3-A5F5-A70A5635E87A}.Release|x86.Build.0 = Release|Win32
		{E890FA28-E7C3-4C02-B561-03312F22A451}.Debug|x64.ActiveCfg = Debug|x64
		{E890FA28-E7C3-4C02-B561-03312F22A451}.Debug|x64.Build.0 = Debug|x64
		{E890FA28-E7C3-4C02-B561-03312F22A451}.Debug|x86.ActiveCfg = Debug|Win32
		{E890FA28-E7C3-4C02-B561-03312F22A451}.Debug|x86.Build.0 = Debug|Win32
		{E890FA28-E7C3-4C02-B561-03312F22A451}.Release|x64.ActiveCfg = Release|x64
		{E890FA28-E7C3-4C02-B561-03312F22A451}.Release|x64.Build.0 = Release|x64
		{E890FA28-E7C3-4C02-B561-03312F22A451}.Release|x86.ActiveCfg = Release|Win32
		{E890FA28-E7C3-4C02-B561-03312F22A451}.Release|x86.Build.0 = Release|Win32
		{A36F187B-A3DB-4FAA-B21B-A17DF0BFE9D5}.Debug|x64.ActiveCfg = Debug|x64
		{A36F187B-A3DB-4FAA-B21B-A17DF0BFE9D5}.Debug|x64.Build.0 = Debug|x64
		{A36F187B-A3DB-4FAA-B21B-A17DF0BFE9D5}.Debug|x86.ActiveCfg = Debug|Win32
		{A36F187B-A3DB-4FAA-B21B-A17DF0BFE9D5}.Debug|x86.Build.0 = Debug|Win32
		{A36F187B-A3DB-4FAA-B21B-A17DF0BFE9D5}.Release|x64.ActiveCfg = Release|x64
		{A36F187B-A3DB-4FAA-B21B-A17DF0BFE9D5}.Release|x64.Build.0 = Release|x64
		{A36F187B-A3DB-4FAA-B21B-A17DF0BFE9D5}.Release|x86.ActiveCfg = Release|Win32
		{A36F187B-A3DB-4FAA-B21B-A17DF0BFE9D5}.Release|x86.Build.0 = Release|Win32
		{F7F8D5C8-8581-4CF7-BFB1-62C4B356B217}.Debug|x64.ActiveCfg = Debug|x64
		{F7F8D5C8-8581-4CF7-BFB1-62C4B356B217}.Debug|x64.Build.0 = Debug|x64
		{F7F8D5C8-8581-4CF7-BFB1-62C4B356B217}.Debug|x86.ActiveCfg = Debug|Win32
		{F7F8D5C8-8581-4CF7-BFB1-62C4B356B217}.Debug|x86.Build.0 = Debug|Win32
		{F7F8D5C8-8581-4CF7-BFB1-62C4B356B217}.Release|x64.ActiveCfg = Release|x64
		{F7F8D5C8-8581-4CF7-BFB1-62C4B356B217}.Release|x64.Build.0 = Release|x64
		{F7F8D5C8-8581-4CF7-BFB1-62C4B356B217}.Release|x86.ActiveCfg = Release|Win32
		{F7F8D5C8-8581-4CF7-BFB1-62C4B356B217}.Release|x86.Build.0 = Release|Win32
		{AC0AA8BC-2CFB-4E28-8322-4D9C682E5ACB}.Debug|x64.ActiveCfg = Debug|x64
		{AC0AA8BC-2CFB-4E28-8322-4D9C682E5ACB}.Debug|x64.Build.0 = Debug|x64
		{AC0AA8BC-2CFB-4E28-8322-4D9C682E5ACB}.Debug|x86.ActiveCfg = Debug|Win32
		{AC0AA8BC-2CFB-4E28-8322-4D9C682E5ACB}.Debug|x86.Build.0 = Debug|Win32
		{AC0AA8BC-2CFB-4E28-8322-4D9C682E5ACB}.Release|x64.ActiveCfg = Release|x64
		{AC0AA8BC-2CFB-4E28-8322-4D9C682E5ACB}.Release|x64.Build.0 = Release|x64
		{AC0AA8BC-2CFB-4E28-8322-4D9C682E5ACB}.Release|x86.ActiveCfg = Release|Win32
		{AC0AA8BC-2CFB-4E28-8322-4D9C682E5ACB}.Release|x86.Build.0 = Release|Win32
		{5F4AB446-E27C-4ACD-AD3A-0254A9857FDA}.Debug|x64.ActiveCfg = Debug|x64
		{5F4AB446-E27C-4ACD-AD3A-0254A9857FDA}.Debug|x64.Build.0 = Debug|x64
		{5F4AB446-E27C-4ACD-AD3A-0254A9857FDA}.Debug|x86.ActiveCfg = Debug|Win32
		{5F4AB446-E27C-4ACD-AD3A-0254A9857FDA}.Debug|x86.Build.0 = Debug|Win32
		{5F4AB446-E27C-4ACD-AD3A-0254A9857FDA}.Release|x64.ActiveCfg = Release|x64
		{5F4AB446-E27C-4ACD-AD3A-0254A9857FDA}.Release|x64.Build.0 = Release|x64
		{5F4AB446-E27C-4ACD-AD3A-0254A9857FDA}.Release|x86.ActiveCfg = Release|Win32
		{5F4AB446-E27C-4ACD-AD3A-0254A9857FDA}.Release|x86.Build.0 = Release|Win32
		{12E743EC-F7BC-490F-9003-429FC3C6A272}.Debug|x64.ActiveCfg = Debug|x64
		{12E743EC-F7BC-490F-9003-429FC3C6A272}.Debug|x64.Build.0 = Debug|x64
		{12E743EC-F7BC-490F-9003-429FC3C6A272}.Debug|x86.ActiveCfg = Debug|Win32
		{12E743EC-F7BC-490F-9003-429FC3C6A272}.Debug|x86.Build.0 = Debug|Win32
		{12E743EC-F7BC-490F-9003-429FC3C6A272}.Release|x64.ActiveCfg = Release|x64
		{12E743EC-F7BC-490F-9003-429FC3C6A272}.Release|x64.Build.0 = Release|x64
		{12E743EC-F7BC-490F-9003-429FC3C6A272}.Release|x86.ActiveCfg = Release|Win32
		{12E743EC-F7BC-490F-9003-429FC3C6A272}.Release|x86.Build.0 = Release|Win32
		{0185C274-4EBF-47E4-8D2C-5B09AB7FFB60}.Debug|x64.ActiveCfg = Debug|x64
		{0185C274-4EBF-47E4-8D2C-5B09AB7FFB60}.Debug|x64.Build.0 = Debug|x64
		{0185C274-4EBF-47E4-8D2C-5B09AB7FFB60}.Debug|x86.ActiveCfg = Debug|Win32
		{0185C274-4EBF-47E4-8D2C-5B09AB7FFB60}.Debug|x86.Build.0 = Debug|Win32
		{0185C274-4EBF-47E4-8D2C-5B09AB7FFB60}.Release|x64.ActiveCfg = Release|x64
		{0185C274-4EBF-47E4-8D2C-5B09AB7FFB60}.Release|x64.Build.0 = Release|x64
		{0185C274-4EBF-47E4-8D2C-5B09AB7FFB60}.Release|x86.ActiveCfg = Release|Win32
		{0185C274-4EBF-47E4-8D2C-5B09AB7FFB60}.Release|x86.Build.0 = Release|Win32
		{64705481-C59E-47B7-9878-6D3B6537CC40}.Debug|x64.ActiveCfg = Debug|x64
		{64705481-C59E-47B7-9878-6D3B6537CC40}.Debug|x64.Build.0 = Debug|x64
		{64705481-C59E-47B7-9878-6D3B6537CC40}.Debug|x86.ActiveCfg = Debug|Win32
		{64705481-C59E-47B7-9878-6D3B6537CC40}.Debug|x86.Build.0 = Debug|Win32
		{64705481-C59E-47B7-9878-6D3B6537CC40}.Release|x64.ActiveCfg = Release|x64
		{64705481-C59E-47B7-9878-6D3B6537CC40}.Release|x64.Build.0 = Release|x64
		{64705481-C59E-47B7-9878-6D3B6537CC40}.Release|x86.ActiveCfg = Release|Win32
		{64705481-C59E-47B7-9878-6D3B6537CC40}.Release|x86.Build.0 = Release|Win32
		{B61A6D30-A092-4AA6-B6B4-F186C3F37489}.Debug|x64.ActiveCfg = Debug|x64
		{B61A6D30-A092-4AA6-B6B4-F186C3F37489}.Debug|x64.Build.0 = Debug|x64
		{B61A6D30-A092-4AA6-B6B4-F186C3F37489}.Debug|x86.ActiveCfg = Debug|Win32
		{B61A6D30-A092-4AA6-B6B4-F186C3F37489}.Debug|x86.Build.0 = Debug|Win32
		{B61A6D30-A092-4AA6-B6B4-F186C3F37489}.Release|x64.ActiveCfg = Release|x64
		{B61A6D30-A092-4AA6-B6B4-F186C3F37489}.Release|x64.Build.0 = Release|x64
		{B61A6D30-A092-4AA6-B6B4-F186C3F37489}.Release|x86.ActiveCfg = Release|Win32
		{B61A6D30-A092-4AA6-B6B4-F186C3F37489}.Release|x86.Build.0 = Release|Win32
		{21FB588E-D7F8-4824-BDAD-87D149E9F876}.Debug|x64.ActiveCfg = Debug|x64
		{21FB588E-D7F8-4824-BDAD-87D149E9F876}.Debug|x64.Build.0 = Debug|x64
		{21FB588E-D7F8-4824-BDAD-87D149E9F876}.Debug|x86.ActiveCfg = Debug|Win32
		{21FB588E-D7F8-4824-BDAD-87D149E9F876}.Debug|x86.Build.0 = Debug|Win32
		{21FB588E-D7F8-4824-BDAD-87D149E9F876}.Release|x64.ActiveCfg = Release|x64
		{21FB588E-D7F8-4824-BDAD-87D149E9F876}.Release|x64.Build.0 = Release|x64
		{21FB588E-D7F8-4824-BDAD-87D149E9F876}.Release|x86.ActiveCfg = Release|Win32
		{21FB588E-D7F8-4824-BDAD-87D149E9F876}.Release|x86.Build.0 = Release|Win32
		{F75B60E3-D057-451C-9761-A0ABE905CF43}.Debug|x64.ActiveCfg = Debug|x64
		{F75B60E3-D057-451C-9761-A0ABE905CF43}.Debug|x64.Build.0 = Debug|x64
		{F75B60E3-D057-451C-9761-A0ABE905CF43}.Debug|x86.ActiveCfg = Debug|Win32
		{F75B60E3-D057-451C-9761-A0ABE905CF43}.Debug|x86.Build.0 = Debug|Win32
		{F75B60E3-D057-451C-9761-A0ABE905CF43}.Release|x64.ActiveCfg = Release|x64
		{F75B60E3-D057-451C-9761-A0ABE905CF43}.Release|x64.Build.0 = Release|x64
		{F75B60E3-D057-451C-9761-A0ABE905CF43}.Release|x86.ActiveCfg = Release|Win32
		{F75B60E3-D057-451C-9761-A0ABE905CF43}.Release|x86.Build.0 = Release|Win32
		{72F706D9-3AB3-421F-9162-D0A2A6B52A9C}.Debug|x64.ActiveCfg = Debug|x64
		{72F706D9-3AB3-421F-9162-D0A2A6B52A9C}.Debug|x64.Build.0 = Debug|x64
		{72F706D9-3AB3-421F-9162-D0A2A6B52A9C}.Debug|x86.ActiveCfg = Debug|Win32
		{72F706D9-3AB3-421F-9162-D0A2A6B52A9C}.Debug|x86.Build.0 = Debug|Win32
		{72F706D9-3AB3-421F-9162-D0A2A6B52A9C}.Release|x64.ActiveCfg = Release|x64
		{72F706D9-3AB3-421F-9162-D0A2A6B52A9C}.Release|x64.Build.0 = Release|x64
		{72F706D9-3AB3-421F-9162-D0A2A6B52A9C}.Release|x86.ActiveCfg = Release|Win32
		{72F706D9-3AB3-421F-9162-D0A2A6B52A9C}.Release|x86.Build.0 = Release|Win32
		{052C7098-C0FA-43C4-99DE-DD923189E259}.Debug|x64.ActiveCfg = Debug|x64
		{052C7098-C0FA-43C4-99DE-DD923189E259}.Debug|x64.Build.0 = Debug|x64
		{052C7098-C0FA-43C4-99DE-DD923189E259}.Debug|x86.ActiveCfg = Debug|Win32
		{052C7098-C0FA-43C4-99DE-DD923189E259}.Debug|x86.Build.0 = Debug|Win32
		{052C7098-C0FA-43C4-99DE-DD923189E259}.Release|x64.ActiveCfg = Release|x64
		{052C7098-C0FA-43C4-99DE-DD923189E259}.Release|x64.Build.0 = Release|x64
		{052C7098-C0FA-43C4-99DE-DD923189E259}.Release|x86.ActiveCfg = Release|Win32
		{052C7098-C0FA-43C4-99DE-DD923189E259}.Release|x86.Build.0 = Release|Win32
		{37E72B23-55E0-428F-B90A-F5B521F0B218}.Debug|x64.ActiveCfg = Debug|x64
		{37E72B23-55E0-428F-B90A-F5B521F0B218}.Debug|x64.Build.0 = Debug|x64
		{37E72B23-55E0-428F-B90A-F5B521F0B218}.Debug|x86.ActiveCfg = Debug|Win32
		{37E72B23-55E0-428F-B90A-F5B521F0B218}.Debug|x86.Build.0 = Debug|Win32
		{37E72B23-55E0-428F-B90A-F5B521F0B218}.Release|x64.ActiveCfg = Release|x64
		{37E72B23-55E0-428F-B90A-F5B521F0B218}.Release|x64.Build.0 = Release|x64
		{37E72B23-55E0-428F-B90A-F5B521F0B218}.Release|x86.ActiveCfg = Release|Win32
		{37E72B23-55E0-428F-B90A-F5B521F0B218}.Release|x86.Build.0 = Release|Win32
		{40B61078-018C-4A4E-AF74-238A1360692F}.Debug|x64.ActiveCfg = Debug|x64
		{40B61078-018C-4A4E-AF74-238A1360692F}.Debug|x64.Build.0 = Debug|x64
		{40B61078-018C-4A4E-AF74-238A1360692F}.Debug|x86.ActiveCfg = Debug|Win32
		{40B61078-018C-4A4E-AF74-238A1360692F}.Debug|x86.Build.0 = Debug|Win32
		{40B61078-018C-4A4E-AF74-238A1360692F}.Release|x64.ActiveCfg = Release|x64
		{40B61078-018C-4A4E-AF74-238A1360692F}.Release|x64.Build.0 = Release|x64
		{40B61078-018C-4A4E-AF74-238A1360692F}.Release|x86.ActiveCfg = Release|Win32
		{40B61078-018C-4A4E-AF74-238A1360692F}.Release|x86.Build.0 = Release|Win32
		{030BF93D-FD2B-4499-B8A4-8563E9D35D16}.Debug|x64.ActiveCfg = Debug|x64
		{030BF93D-FD2B-4499-B8A4-8563E9D35D16}.Debug|x64.Build.0 = Debug|x64
		{030BF93D-FD2B-4499-B8A4-8563E9D35D16}.Debug|x86.ActiveCfg = Debug|Win32
		{030BF93D-FD2B-4499-B8A4-8563E9D35D16}.Debug|x86.Build.0 = Debug|Win32
		{030BF93D-FD2B-4499-B8A4-8563E9D35D16}.Release|x64.ActiveCfg = Release|x64
		{030BF93D-FD2B-4499-B8A4-8563E9D35D16}.Release|x64.Build.0 = Release|x64
		{030BF93D-FD2B-4499-B8A4-8563E9D35D16}.Release|x86.ActiveCfg = Release|Win32
		{030BF93D-FD2B-4499-B8A4-8563E9D35D16}.Release|x86.Build.0 = Release|Win32
		{27B70054-436B-478F-8625-079F8507F5A5}.Debug|x64.ActiveCfg = Debug|x64
		{27B70054-436B-478F-8625-079F8507F5A5}.Debug|x64.Build.0 = Debug|x64
		{27B70054-436B-478F-8625-079F8507F5A5}.Debug|x86.ActiveCfg = Debug|Win32
		{27B70054-436B-478F-8625-079F8507F5A5}.Debug|x86.Build.0 = Debug|Win32
		{27B70054-436B-478F-8625-079F8507F5A5}.Release|x64.ActiveCfg = Release|x64
		{27B70054-436B-478F-8625-079F8507F5A5}.Release|x64.Build.0 = Release|x64
		{27B70054-436B-478F-8625-079F8507F5A5}.Release|x86.ActiveCfg = Release|Win32
		{27B70054-436B-478F-8625-079F8507F5A5}.Release|x86.Build.0 = Release|Win32
		{F28CAAF4-B97B-4C82-9109-09C6543C4037}.Debug|x64.ActiveCfg = Debug|x64
		{F28CAAF4-B97B-4C82-9109-09C6543C4037}.Debug|x64.Build.0 = Debug|x64
		{F28CAAF4-B97B-4C82-9109-09C6543C4037}.Debug|x86.ActiveCfg = Debug|Win32
		{F28CAAF4-B97B-4C82-9109-09C6543C4037}.Debug|x86.Build.0 = Debug|Win32
		{F28CAAF4-B97B-4C82-9109-09C6543C4037}.Release|x64.ActiveCfg = Release|x64
		{F28CAAF4-B97B-4C82-9109-09C6543C4037}.Release|x64.Build.0 = Release|x64
		{F28CAAF4-B97B-4C82-9109-09C6543C4037}.Release|x86.ActiveCfg = Release|Win32
		{F28CAAF4-B97B-4C82-9109-09C6543C4037}.Release|x86.Build.0 = Release|Win32
		{33972E19-3A86-4D12-8542-3027B63F34C4}.Debug|x64.ActiveCfg = Debug|x64
		{33972E19-3A86-4D12-8542-3027B63F34C4}.Debug|x64.Build.0 = Debug|x64
		{33972E19-3A86-4D12-8542-3027B63F34C4}.Debug|x86.ActiveCfg = Debug|Win32
		{33972E19-3A86-4D12-8542-3027B63F34C4}.Debug|x86.Build.0 = Debug|Win32
		{33972E19-3A86-4D12-8542-3027B63F34C4}.Release|x64.ActiveCfg = Release|x64
		{33972E19-3A86-4D12-8542-3027B63F34C4}.Release|x64.Build.0 = Release|x64
		{33972E19-3A86-4D12-8542-3027B63F34C4}.Release|x86.ActiveCfg = Release|Win32
		{33972E19-3A86-4D12-8542-3027B63F34C4}.Release|x86.Build.0 = Release|Win32
		{9F8BF677-0808-4303-8EFA-C8E7904DD1E7}.Debug|x64.ActiveCfg = Debug|x64
		{9F8BF677-0808-4303-8EFA-C8E7904DD1E7}.Debug|x64.Build.0 = Debug|x64
		{9F8BF677-0808-4303-8EFA-C8E7904DD1E7}.Debug|x86.ActiveCfg = Debug|Win32
		{9F8BF677-0808-4303-8EFA-C8E7904DD1E7}.Debug|x86.Build.0 = Debug|Win32
		{9F8BF677-0808-4303-8EFA-C8E7904DD1E7}.Release|x64.ActiveCfg = Release|x64
		{9F8BF677-0808-4303-8EFA-C8E7904DD1E7}.Release|x64.Build.0 = Release|x64
		{9F8BF677-0808-4303-8EFA-C8E7904DD1E7}.Release|x86.ActiveCfg = Release|Win32
		{9F8BF677-0808-4303-8EFA-C8E7904DD1E7}.Release|x86.Build.0 = Release|Win32
		{F947D0C6-ADAD-4B38-95E2-AD825F3EACDB}.Debug|x64.ActiveCfg = Debug|x64
		{F947D0C6-ADAD-4B38-95E2-AD825F3EACDB}.Debug|x64.Build.0 = Debug|x64
		{F947D0C6-ADAD-4B38-95E2-AD825F3EACDB}.Debug|x86.ActiveCfg = Debug|Win32
		{F947D0C6-ADAD-4B38-95E2-AD825F3EACDB}.Debug|x86.Build.0 = Debug|Win32
		{F947D0C6-ADAD-4B38-95E2-AD825F3EACDB}.Release|x64.ActiveCfg = Release|x64
		{F947D0C6-ADAD-4B38-95E2-AD825F3EACDB}.Release|x64.Build.0 = Release|x64
		{F947D0C6-ADAD-4B38-95E2-AD825F3EACDB}.Release|x86.ActiveCfg = Release|Win32
		{F947D0C6-ADAD-4B38-95E2-AD825F3EACDB}.Release|x86.Build.0 = Release|Win32
		{82B4179A-45AE-4CEF-AE00-4CD9E2479E57}.Debug|x64.ActiveCfg = Debug|x64
		{82B4179A-45AE-4CEF-AE00-4CD9E2479E57}.Debug|x64.Build.0 = Debug|x64
		{82B4179A-45AE-4CEF-AE00-4CD9E2479E57}.Debug|x86.ActiveCfg = Debug|Win32
		{82B4179A-45AE-4CEF-AE00-4CD9E2479E57}.Debug|x86.Build.0 = Debug|Win32
		{82B4179A-45AE-4CEF-AE00-4CD9E2479E57}.Release|x64.ActiveCfg = Release|x64
		{82B4179A-45AE-4CEF-AE00-4CD9E2479E57}.Release|x64.Build.0 = Release|x64
		{82B4179A-45AE-4CEF-AE00-4CD9E2479E57}.Release|x86.ActiveCfg = Release|Win32
		{82B4179A-45AE-4CEF-AE00-4CD9E2479E57}.Release|x86.Build.0 = Release|Win32
		{681B901B-DABD-4A3F-82C9-A7E599F6DDE6}.Debug|x64.ActiveCfg = Debug|x64
		{681B901B-DABD-4A3F-82C9-A7E599F6DDE6}.Debug|x64.Build.0 = Debug|x64
		{681B901B-DABD-4A3F-82C9-A7E599F6DDE6}.Debug|x86.ActiveCfg = Debug|Win32
		{681B901B-DABD-4A3F-82C9-A7E599F6DDE6}.Debug|x86.Build.0 = Debug|Win32
		{681B901B-DABD-4A3F-82C9-A7E599F6DDE6}.Release|x64.ActiveCfg = Release|x64
		{681B901B-DABD-4A3F-82C9-A7E599F6DDE6}.Release|x64.Build.0 = Release|x64
		{681B901B-DABD-4A3F-82C9-A7E599F6DDE6}.Release|x86.ActiveCfg = Release|Win32
		{681B901B-DABD-4A3F-82C9-A7E599F6DDE6}.Release|x86.Build.0 = Release|Win32
		{04637F72-C6EB-4399-BCF0-EA298A473FE8}.Debug|x64.ActiveCfg = Debug|x64
		{04637F72-C6EB-4399-BCF0-EA298A473FE8}.Debug|x64.Build.0 = Debug|x64
		{04637F72-C6EB-4399-BCF0-EA298A473FE8}.Debug|x86.ActiveCfg = Debug|Win32
		{04637F72-C6EB-4399-BCF0-EA298A473FE8}.Debug|x86.Build.0 = Debug|Win32
		{04637F72-C6EB-4399-BCF0-EA298A473FE8}.Release|x64.ActiveCfg = Release|x64
		{04637F72-C6EB-4399-BCF0-EA298A473FE8}.Release|x64.Build.0 = Release|x64
		{04637F72-C6EB-4399-BCF0-EA298A473FE8}.Release|x86.ActiveCfg = Release|Win32
		{04637F72-C6EB-4399-BCF0-EA298A473FE8}.Release|x86.Build.0 = Release|Win32
		{873B3D90-7D17-4B3C-94C5-5A571E9DF9EF}.Debug|x64.ActiveCfg = Debug|x64
		{873B3D90-7D17-4B3C-94C5-5A571E9DF9EF}.Debug|x64.Build.0 = Debug|x64
		{873B3D90-7D17-4B3C-94C5-5A571E9DF9EF}.Debug|x86.ActiveCfg = Debug|Win32
		{873B3D90-7D17-4B3C-94C5-5A571E9DF9EF}.Debug|x86.Build.0 = Debug|Win32
		{873B3D90-7D17-4B3C-94C5-5A571E9DF9EF}.Release|x64.ActiveCfg = Release|x64
		{873B3D90-7D17-4B3C-94C5-5A571E9DF9EF}.Release|x64.Build.0 = Release|x64
		{873B3D90-7D17-4B3C-94C5-5A571E9DF9EF}.Release|x86.ActiveCfg = Release|Win32
		{873B3D90-7D17-4B3C-94C5-5A571E9DF9EF}.Release|x86.Build.0 = Release|Win32
		{E1CD9885-3CBA-4586-953F-02ABAEA88A92}.Debug|x64.ActiveCfg = Debug|x64
		{E1CD9885-3CBA-4586-953F-02ABAEA88A92}.Debug|x64.Build.0 = Debug|x64
		{E1CD9885-3CBA-4586-953F-02ABAEA88A92}.Debug|x86.ActiveCfg = Debug|Win32
		{E1CD9885-3CBA-4586-953F-02ABAEA88A92}.Debug|x86.Build.0 = Debug|Win32
		{E1CD9885-3CBA-4586-953F-02ABAEA88A92}.Release|x64.ActiveCfg = Release|x64
		{E1CD9885-3CBA-4586-953F-02ABAEA88A92}.Release|x64.Build.0 = Release|x64
		{E1CD9885-3CBA-4586-953F-02ABAEA88A92}.Release|x86.ActiveCfg = Release|Win32
		{E1CD9885-3CBA-4586-953F-02ABAEA88A92}.Release|x86.Build.0 = Release|Win32
		{0F31E1D3-8FB6-4048-9731-22A96E25B7B2}.Debug|x64.ActiveCfg = Debug|x64
		{0F31E1D3-8FB6-4048-9731-22A96E25B7B2}.Debug|x64.Build.0 = Debug|x64
		{0F31E1D3-8FB6-4048-9731-22A96E25B7B2}.Debug|x86.ActiveCfg = Debug|Win32
		{0F31E1D3-8FB6-4048-9731-22A96E25B7B2}.Debug|x86.Build.0 = Debug|Win32
		{0F31E1D3-8FB6-4048-9731-22A96E25B7B2}.Release|x64.ActiveCfg = Release|x64
		{0F31E1D3-8FB6-4048-9731-22A96E25B7B2}.Release|x64.Build.0 = Release|x64
		{0F31E1D3-8FB6-4048-9731-22A96E25B7B2}.Release|x86.ActiveCfg = Release|Win32
		{0F31E1D3-8FB6-4048-9731-22A96E25B7B2}.Release|x86.Build.0 = Release|Win32
		{F33E845A-8C47-44B2-87F1-5254496433BA}.Debug|x64.ActiveCfg = Debug|x64
		{F33E845A-8C47-44B2-87F1-5254496433BA}.Debug|x64.Build.0 = Debug|x64
		{F33E845A-8C47-44B2-87F1-5254496433BA}.Debug|x86.ActiveCfg = Debug|Win32
		{F33E845A-8C47-44B2-87F1-5254496433BA}.Debug|x86.Build.0 = Debug|Win32
		{F33E845A-8C47-44B2-87F1-5254496433BA}.Release|x64.ActiveCfg = Release|x64
		{F33E845A-8C47-44B2-87F1-5254496433BA}.Release|x64.Build.0 = Release|x64
		{F33E845A-8C47-44B2-87F1-5254496433BA}.Release|x86.ActiveCfg = Release|Win32
		{F33E845A-8C47-44B2-87F1-5254496433BA}.Release|x86.Build.0 = Release|Win32
		{575E8958-BF2D-4FAB-876F-066649F7A7F4}.Debug|x64.ActiveCfg = Debug|x64
		{575E8958-BF2D-4FAB-876F-066649F7A7F4}.Debug|x64.Build.0 = Debug|x64
		{575E8958-BF2D-4FAB-876F-066649F7A7F4}.Debug|x86.ActiveCfg = Debug|Win32
		{575E8958-BF2D-4FAB-876F-066649F7A7F4}.Debug|x86.Build.0 = Debug|Win32
		{575E8958-BF2D-4FAB-876F-066649F7A7F4}.Release|x64.ActiveCfg = Release|x64
		{575E8958-BF2D-4FAB-876F-066649F7A7F4}.Release|x64.Build.0 = Release|x64
		{575E8958-BF2D-4FAB-876F-066649F7A7F4}.Release|x86.ActiveCfg = Release|Win32
		{575E8958-BF2D-4FAB-876F-066649F7A7F4}.Release|x86.Build.0 = Release|Win32
		{34BA8C43-4354-48DF-8DDA-66A0D53A1B4E}.Debug|x64.ActiveCfg = Debug|x64
		{34BA8C43-4354-48DF-8DDA-66A0D53A1B4E}.Debug|x64.Build.0 = Debug|x64
		{34BA8C43-4354-48DF-8DDA-66A0D53A1B4E}.Debug|x86.ActiveCfg = Debug|Win32
		{34BA8C43-4354-48DF-8DDA-66A0D53A1B4E}.Debug|x86.Build.0 = Debug|Win32
		{34BA8C43-4354-48DF-8DDA-66A0D53A1B4E}.Release|x64.ActiveCfg = Release|x64
		{34BA8C43-4354-48DF-8DDA-66A0D53A1B4E}.Release|x64.Build.0 = Release|x64
		{34BA8C43-4354-48DF-8DDA-66A0D53A1B4E}.Release|x86.ActiveCfg = Release|Win32
		{34BA8C43-4354-48DF-8DDA-66A0D53A1B4E}.Release|x86.Build.0 = Release|Win32
		{89781140-6925-45FD-B3A3-AEBD872060BC}.Debug|x64.ActiveCfg = Debug|x64
		{89781140-6925-45FD-B3A3-AEBD872060BC}.Debug|x64.Build.0 = Debug|x64
		{89781140-6925-45FD-B3A3-AEBD872060BC}.Debug|x86.ActiveCfg = Debug|Win32
		{89781140-6925-45FD-B3A3-AEBD872060BC}.Debug|x86.Build.0 = Debug|Win32
		{89781140-6925-45FD-B3A3-AEBD872060BC}.Release|x64.ActiveCfg = Release|x64
		{89781140-6925-45FD-B3A3-AEBD872060BC}.Release|x64.Build.0 = Release|x64
		{89781140-6925-45FD-B3A3-AEBD872060BC}.Release|x86.ActiveCfg = Release|Win32
		{89781140-6925-45FD-B3A3-AEBD872060BC}.Release|x86.Build.0 = Release|Win32
		{03CD0E9D-DCFA-40C7-8BA6-BC5C37864E94}.Debug|x64.ActiveCfg = Debug|x64
		{03CD0E9D-DCFA-40C7-8BA6-BC5C37864E94}.Debug|x64.Build.0 = Debug|x64
		{03CD0E9D-DCFA-40C7-8BA6-BC5C37864E94}.Debug|x86.ActiveCfg = Debug|Win32
		{03CD0E9D-DCFA-40C7-8BA6-BC5C37864E94}.Debug|x86.Build.0 = Debug|Win32
		{03CD0E9D-DCFA-40C7-8BA6-BC5C37864E94}.Release|x64.ActiveCfg = Release|x64
		{03CD0E9D-DCFA-40C7-8BA6-BC5C37864E94}.Release|x64.Build.0 = Release|x64
		{03CD0E9D-DCFA-40C7-8BA6-BC5C37864E94}.Release|x86.ActiveCfg = Release|Win32
		{03CD0E9D-DCFA-40C7-8BA6-BC5C37864E94}.Release|x86.Build.0 = Release|Win32
		{2D2512AE-E0DC-4482-B7D8-34C2DA1954B6}.Debug|x64.ActiveCfg = Debug|x64
		{2D2512AE-E0DC-4482-B7D8-34C2DA1954B6}.Debug|x64.Build.0 = Debug|x64
		{2D2512AE-E0DC-4482-B7D8-34C2DA1954B6}.Debug|x86.ActiveCfg = Debug|Win32
		{2D2512AE-E0DC-4482-B7D8-34C2DA1954B6}.Debug|x86.Build.0 = Debug|Win32
		{2D2512AE-E0DC-4482-B7D8-34C2DA1954B6}.Release|x64.ActiveCfg = Release|x64
		{2D2512AE-E0DC-4482-B7D8-34C2DA1954B6}.Release|x64.Build.0 = Release|x64
		{2D2512AE-E0DC-4482-B7D8-34C2DA1954B6}.Release|x86.ActiveCfg = Release|Win32
		{2D2512AE-E0DC-4482-B7D8-34C2DA1954B6}.Release|x86.Build.0 = Release|Win32
		{126C8E16-211F-49AD-9F26-9D183CECE24F}.Debug|x64.ActiveCfg = Debug|x64
		{126C8E16-211F-49AD-9F26-9D183CECE24F}.Debug|x64.Build.0 = Debug|x64
		{126C8E16-211F-49AD-9F26-9D183CECE24F}.Debug|x86.ActiveCfg = Debug|Win32
		{126C8E16-211F-49AD-9F26-9D183CECE24F}.Debug|x86.Build.0 = Debug|Win32
		{126C8E16-211F-49AD-9F26-9D183CECE24F}.Release|x64.ActiveCfg = Release|x64
		{126C8E16-211F-49AD-9F26-9D183CECE24F}.Release|x64.Build.0 = Release|x64
		{126C8E16-211F-49AD-9F26-9D183CECE24F}.Release|x86.ActiveCfg = Release|Win32
		{126C8E16-211F-49AD-9F26-9D183CECE24F}.Release|x86.Build.0 = Release|Win32
		{4F84BCF2-DE0B-4CB9-8C05-B8759DD25D89}.Debug|x64.ActiveCfg = Debug|x64
		{4F84BCF2-DE0B-4CB9-8C05-B8759DD25D89}.Debug|x64.Build.0 = Debug|x64
		{4F84BCF2-DE0B-4CB9-8C05-B8759DD25D89}.Debug|x86.ActiveCfg = Debug|Win32
		{4F84BCF2-DE0B-4CB9-8C05-B8759DD25D89}.Debug|x86.Build.0 = Debug|Win32
		{4F84BCF2-DE0B-4CB9-8C05-B8759DD25D89}.Release|x64.ActiveCfg = Release|x64
		{4F84BCF2-DE0B-4CB9-8C05-B8759DD25D89}.Release|x64.Build.0 = Release|x64
		{4F84BCF2-DE0B-4CB9-8C05-B8759DD25D89}.Release|x86.ActiveCfg = Release|Win32
		{4F84BCF2-DE0B-4CB9-8C05-B8759DD25D89}.Release|x86.Build.0 = Release|Win32
		{FE07A8CC-DDA2-4B2E-83E5-2D69C381129C}.Debug|x64.ActiveCfg = Debug|x64
		{FE07A8CC-DDA2-4B2E-83E5-2D69C381129C}.Debug|x64.Build.0 = Debug|x64
		{FE07A8CC-DDA2-4B2E-83E5-2D69C381129C}.Debug|x86.ActiveCfg = Debug|Win32
		{FE07A8CC-DDA2-4B2E-83E5-2D69C381129C}.Debug|x86.Build.0 = Debug|Win32
		{FE07A8CC-DDA2-4B2E-83E5-2D69C381129C}.Release|x64.ActiveCfg = Release|x64
		{FE07A8CC-DDA2-4B2E-83E5-2D69C381129C}.Release|x64.Build.0 = Release|x64
		{FE07A8CC-DDA2-4B2E-83E5-2D69C381129C}.Release|x86.ActiveCfg = Release|Win32
		{FE07A8CC-DDA2-4B2E-83E5-2D69C381129C}.Release|x86.Build.0 = Release|Win32
		{2E67BC2F-40CE-41BC-8264-AA52D78EBA0E}.Debug|x64.ActiveCfg = Debug|x64
		{2E67BC2F-40CE-41BC-8264-AA52D78EBA0E}.Debug|x64.Build.0 = Debug|x64
		{2E67BC2F-40CE-41BC-8264-AA52D78EBA0E}.Debug|x86.ActiveCfg = Debug|Win32
		{2E67BC2F-40CE-41BC-8264-AA52D78EBA0E}.Debug|x86.Build.0 = Debug|Win32
		{2E67BC2F-40CE-41BC-8264-AA52D78EBA0E}.Release|x64.ActiveCfg = Release|x64
		{2E67BC2F-40CE-41BC-8264-AA52D78EBA0E}.Release|x64.Build.0 = Release|x64
		{2E67BC2F-40CE-41BC-8264-AA52D78EBA0E}.Release|x86.ActiveCfg = Release|Win32
		{2E67BC2F-40CE-41BC-8264-AA52D78EBA0E}.Release|x86.Build.0 = Release|Win32
		{AE5DC055-E92B-4363-9D45-7F26BCFE0028}.Debug|x64.ActiveCfg = Debug|x64
		{AE5DC055-E92B-4363-9D45-7F26BCFE0028}.Debug|x64.Build.0 = Debug|x64
		{AE5DC055-E92B-4363-9D45-7F26BCFE0028}.Debug|x86.ActiveCfg = Debug|Win32
		{AE5DC055-E92B-4363-9D45-7F26BCFE0028}.Debug|x86.Build.0 = Debug|Win32
		{AE5DC055-E92B-4363-9D45-7F26BCFE0028}.Release|x64.ActiveCfg = Release|x64
		{AE5DC055-E92B-4363-9D45-7F26BCFE0028}.Release|x64.Build.0 = Release|x64
		{AE5DC055-E92B-4363-9D45-7F26BCFE0028}.Release|x86.ActiveCfg = Release|Win32
		{AE5DC055-E92B-4363-9D45-7F26BCFE0028}.Release|x86.Build.0 = Release|Win32
		{24167001-B6E3-4F93-BD4F-07D0E6F74B78}.Debug|x64.ActiveCfg = Debug|x64
		{24167001-B6E3-4F93-BD4F-07D0E6F74B78}.Debug|x64.Build.0 = Debug|x64
		{24167001-B6E3-4F93-BD4F-07D0E6F74B78}.Debug|x86.ActiveCfg = Debug|Win32
		{24167001-B6E3-4F93-BD4F-07D0E6F74B78}.Debug|x86.Build.0 = Debug|Win32
		{24167001-B6E3-4F93-BD4F-07D0E6F74B78}.Release|x64.ActiveCfg = Release|x64
		{24167001-B6E3-4F93-BD4F-07D0E6F74B78}.Release|x64.Build.0 = Release|x64
		{24167001-B6E3-4F93-BD4F-07D0E6F74B78}.Release|x86.ActiveCfg = Release|Win32
		{24167001-B6E3-4F93-BD4F-07D0E6F74B78}.Release|x86.Build.0 = Release|Win32
		{525E24EE-B8E0-41D7-9711-B1FA98DBE06E}.Debug|x64.ActiveCfg = Debug|x64
		{525E24EE-B8E0-41D7-9711-B1FA98DBE06E}.Debug|x64.Build.0 = Debug|x64
		{525E24EE-B8E0-41D7-9711-B1FA98DBE06E}.Debug|x86.ActiveCfg = Debug|Win32
		{525E24EE-B8E0-41D7-9711-B1FA98DBE06E}.Debug|x86.Build.0 = Debug|Win32
		{525E24EE-B8E0-41D7-9711-B1FA98DBE06E}.Release|x64.ActiveCfg = Release|x64
		{525E24EE-B8E0-41D7-9711-B1FA98DBE06E}.Release|x64.Build.0 = Release|x64
		{525E24EE-B8E0-41D7-9711-B1FA98DBE06E}.Release|x86.ActiveCfg = Release|Win32
		{525E24EE-B8E0-41D7-9711-B1FA98DBE06E}.Release|x86.Build.0 = Release|Win32
		{EA442977-DD7F-4291-9263-D42F63C26880}.Debug|x64.ActiveCfg = Debug|x64
		{EA442977-DD7F-4291-9263-D42F63C26880}.Debug|x64.Build.0 = Debug|x64
		{EA442977-DD7F-4291-9263-D42F63C26880}.Debug|x86.ActiveCfg = Debug|Win32
		{EA442977-DD7F-4291-9263-D42F63C26880}.Debug|x86.Build.0 = Debug|Win32
		{EA442977-DD7F-4291-9263-D42F63C26880}.Release|x64.ActiveCfg = Release|x64
		{EA442977-DD7F-4291-9263-D42F63C26880}.Release|x64.Build.0 = Release|x64
		{EA442977-DD7F-4291-9263-D42F63C26880}.Release|x86.ActiveCfg = Release|Win32
		{EA442977-DD7F-4291-9263-D42F63C26880}.Release|x86.Build.0 = Release|Win32
		{62429E1A-775A-404C-8BFF-F1F241B6E47A}.Debug|x64.ActiveCfg = Debug|x64
		{62429E1A-775A-404C-8BFF-F1F241B6E47A}.Debug|x64.Build.0 = Debug|x64
		{62429E1A-775A-404C-8BFF-F1F241B6E47A}.Debug|x86.ActiveCfg = Debug|Win32
		{62429E1A-775A-404C-8BFF-F1F241B6E47A}.Debug|x86.Build.0 = Debug|Win32
		{62429E1A-775A-404C-8BFF-F1F241B6E47A}.Release|x64.ActiveCfg = Release|x64
		{62429E1A-775A-404C-8BFF-F1F241B6E47A}.Release|x64.Build.0 = Release|x64
		{62429E1A-775A-404C-8BFF-F1F241B6E47A}.Release|x86.ActiveCfg = Release|Win32
		{62429E1A-775A-404C-8BFF-F1F241B6E47A}.Release|x86.Build.0 = Release|Win32
		{A95C58F1-4493-4AF1-9CBB-9C4B89F0E307}.Debug|x64.ActiveCfg = Debug|x64
		{A95C58F1-4493-4AF1-9CBB-9C4B89F0E307}.Debug|x64.Build.0 = Debug|x64
		{A95C58F1-4493-4AF1-9CBB-9C4B89F0E307}.Debug|x86.ActiveCfg = Debug|Win32
		{A95C58F1-4493-4AF1-9CBB-9C4B89F0E307}.Debug|x86.Build.0 = Debug|Win32
		{A95C58F1-4493-4AF1-9CBB-9C4B89F0E307}.Release|x64.ActiveCfg = Release|x64
		{A95C58F1-4493-4AF1-9CBB-9C4B89F0E307}.Release|x64.Build.0 = Release|x64
		{A95C58F1-4493-4AF1-9CBB-9C4B89F0E307}.Release|x86.ActiveCfg = Release|Win32
		{A95C58F1-4493-4AF1-9CBB-9C4B89F0E307}.Release|x86.Build.0 = Release|Win32
		{3D7B6EEA-3642-4242-A0A2-A0906077CFD9}.Debug|x64.ActiveCfg = Debug|x64
		{3D7B6EEA-3642-4242-A0A2-A0906077CFD9}.Debug|x64.Build.0 = Debug|x64
		{3D7B6EEA-3642-4242-A0A2-A0906077CFD9}.Debug|x86.ActiveCfg = Debug|Win32
		{3D7B6EEA-3642-4242-A0A2-A0906077CFD9}.Debug|x86.Build.0 = Debug|Win32
		{3D7B6EEA-3642-4242-A0A2-A0906077CFD9}.Release|x64.ActiveCfg = Release|x64
		{3D7B6EEA-3642-4242-A0A2-A0906077CFD9}.Release|x64.Build.0 = Release|x64
		{3D7B6EEA-3642-4242-A0A2-A0906077CFD9}.Release|x86.ActiveCfg = Release|Win32
		{3D7B6EEA-3642-4242-A0A2-A0906077CFD9}.Release|x86.Build.0 = Release|Win32
		{1565356E-6366-41DB-8D31-8508E148FA16}.Debug|x64.ActiveCfg = Debug|x64
		{1565356E-6366-41DB-8D31-8508E148FA16}.Debug|x64.Build.0 = Debug|x64
		{1565356E-6366-41DB-8D31-8508E148FA16}.Debug|x86.ActiveCfg = Debug|Win32
		{1565356E-6366-41DB-8D31-8508E148FA16}.Debug|x86.Build.0 = Debug|Win32
		{1565356E-6366-41DB-8D31-8508E148FA16}.Release|x64.ActiveCfg = Release|x64
		{1565356E-6366-41DB-8D31-8508E148FA16}.Release|x64.Build.0 = Release|x64
		{1565356E-6366-41DB-8D31-8508E148FA16}.Release|x86.ActiveCfg = Release|Win32
		{1565356E-6366-41DB-8D31-8508E148FA16}.Release|x86.Build.0 = Release|Win32
		{75E7B29F-0654-4FA3-8C3A-CB4BA47581AA}.Debug|x64.ActiveCfg = Debug|x64
		{75E7B29F-0654-4FA3-8C3A-CB4BA47581AA}.Debug|x64.Build.0 = Debug|x64
		{75E7B29F-0654-4FA3-8C3A-CB4BA47581AA}.Debug|x86.ActiveCfg = Debug|Win32
		{75E7B29F-0654-4FA3-8C3A-CB4BA47581AA}.Debug|x86.Build.0 = Debug|Win32
		{75E7B29F-0654-4FA3-8C3A-CB4BA47581AA}.Release|x64.ActiveCfg = Release|x64
		{75E7B29F-0654-4FA3-8C3A-CB4BA47581AA}.Release|x64.Build.0 = Release|x64
		{75E7B29F-0654-4FA3-8C3A-CB4BA47581AA}.Release|x86.ActiveCfg = Release|Win32
		{75E7B29F-0654-4FA3-8C3A-CB4BA47581AA}.Release|x86.Build.0 = Release|Win32
		{21F38216-17C5-4246-A487-D714C78B755E}.Debug|x64.ActiveCfg = Debug|x64
		{21F38216-17C5-4246-A487-D714C78B755E}.Debug|x64.Build.0 = Debug|x64
		{21F38216-17C5-4246-A487-D714C78B755E}.Debug|x86.ActiveCfg = Debug|Win32
		{21F38216-17C5-4246-A487-D714C78B755E}.Debug|x86.Build.0 = Debug|Win32
		{21F38216-17C5-4246-A487-D714C78B755E}.Release|x64.ActiveCfg = Release|x64
		{21F38216-17C5-4246-A487-D714C78B755E}.Release|x64.Build.0 = Release|x64
		{21F38216-17C5-4246-A487-D714C78B755E}.Release|x86.ActiveCfg = Release|Win32
		{21F38216-17C5-4246-A487-D714C78B755E}.Release|x86.Build.0 = Release|Win32
		{A41A2570-9644-4BE3-8768-0FB899900644}.Debug|x64.ActiveCfg = Debug|x64
		{A41A2570-9644-4BE3-8768-0FB899900644}.Debug|x64.Build.0 = Debug|x64
		{A41A2570-9644-4BE3-8768-0FB899900644}.Debug|x86.ActiveCfg = Debug|Win32
		{A41A2570-9644-4BE3-8768-0FB899900644}.Debug|x86.Build.0 = Debug|Win32
		{A41A2570-9644-4BE3-8768-0FB899900644}.Release|x64.ActiveCfg = Release|x64
		{A41A2570-9644-4BE3-8768-0FB899900644}.Release|x64.Build.0 = Release|x64
		{A41A2570-9644-4BE3-8768-0FB899900644}.Release|x86.ActiveCfg = Release|Win32
		{A41A2570-9644-4BE3-8768-0FB899900644}.Release|x86.Build.0 = Release|Win32
		{B8607099-0803-45E5-B4D8-12429F9446CB}.Debug|x64.ActiveCfg = Debug|x64
		{B8607099-0803-45E5-B4D8-12429F9446CB}.Debug|x64.Build.0 = Debug|x64
		{B8607099-0803-45E5-B4D8-12429F9446CB}.Debug|x86.ActiveCfg = Debug|Win32
		{B8607099-0803-45E5-B4D8-12429F9446CB}.Debug|x86.Build.0 = Debug|Win32
		{B8607099-0803-45E5-B4D8-12429F9446CB}.Release|x64.ActiveCfg = Release|x64
		{B8607099-0803-45E5-B4D8-12429F9446CB}.Release|x64.Build.0 = Release|x64
		{B8607099-0803-45E5-B4D8-12429F9446CB}.Release|x86.ActiveCfg = Release|Win32
		{B8607099-0803-45E5-B4D8-12429F9446CB}.Release|x86.Build.0 = Release|Win32
		{FDA7E28B-87A4-464C-8EC5-23111247651B}.Debug|x64.ActiveCfg = Debug|x64
		{FDA7E28B-87A4-464C-8EC5-23111247651B}.Debug|x64.Build.0 = Debug|x64
		{FDA7E28B-87A4-464C-8EC5-23111247651B}.Debug|x86.ActiveCfg = Debug|Win32
		{FDA7E28B-87A4-464C-8EC5-23111247651B}.Debug|x86.Build.0 = Debug|Win32
		{FDA7E28B-87A4-464C-8EC5-23111247651B}.Release|x64.ActiveCfg = Release|x64
		{FDA7E28B-87A4-464C-8EC5-23111247651B}.Release|x64.Build.0 = Release|x64
		{FDA7E28B-87A4-464C-8EC5-23111247651B}.Release|x86.ActiveCfg = Release|Win32
		{FDA7E28B-87A4-464C-8EC5-23111247651B}.Release|x86.Build.0 = Release|Win32
		{44C29A2D-C2AE-450D-9563-EE675B2EDA2B}.Debug|x64.ActiveCfg = Debug|x64
		{44C29A2D-C2AE-450D-9563-EE675B2EDA2B}.Debug|x64.Build.0 = Debug|x64
		{44C29A2D-C2AE-450D-9563-EE675B2EDA2B}.Debug|x86.ActiveCfg = Debug|Win32
		{44C29A2D-C2AE-450D-9563-EE675B2EDA2B}.Debug|x86.Build.0 = Debug|Win32
		{44C29A2D-C2AE-450D-9563-EE675B2EDA2B}.Release|x64.ActiveCfg = Release|x64
		{44C29A2D-C2AE-450D-9563-EE675B2EDA2B}.Release|x64.Build.0 = Release|x64
		{44C29A2D-C2AE-450D-9563-EE675B2EDA2B}.Release|x86.ActiveCfg = Release|Win32
		{44C29A2D-C2AE-450D-9563-EE675B2EDA2B}.Release|x86.Build.0 = Release|Win32
		{9C8FE321-3519-4055-9124-376EF598EC52}.Debug|x64.ActiveCfg = Debug|x64
		{9C8FE321-3519-4055-9124-376EF598EC52}.Debug|x64.Build.0 = Debug|x64
		{9C8FE321-3519-4055-9124-376EF598EC52}.Debug|x86.ActiveCfg = Debug|Win32
		{9C8FE321-3519-4055-9124-376EF598EC52}.Debug|x86.Build.0 = Debug|Win32
		{9C8FE321-3519-4055-9124-376EF598EC52}.Release|x64.ActiveCfg = Release|x64
		{9C8FE321-3519-4055-9124-376EF598EC52}.Release|x64.Build.0 = Release|x64
		{9C8FE321-3519-4055-9124-376EF598EC52}.Release|x86.ActiveCfg = Release|Win32
		{9C8FE321-3519-4055-9124-376EF598EC52}.Release|x86.Build.0 = Release|Win32
		{1BD7877D-8E2F-4BD7-AB01-0538DE606677}.Debug|x64.ActiveCfg = Debug|x64
		{1BD7877D-8E2F-4BD7-AB01-0538DE606677}.Debug|x64.Build.0 = Debug|x64
		{1BD7877D-8E2F-4BD7-AB01-0538DE606677}.Debug|x86.ActiveCfg = Debug|Win32
		{1BD7877D-8E2F-4BD7-AB01-0538DE606677}.Debug|x86.Build.0 = Debug|Win32
		{1BD7877D-8E2F-4BD7-AB01-0538DE606677}.Release|x64.ActiveCfg = Release|x64
		{1BD7877D-8E2F-4BD7-AB01-0538DE606677}.Release|x64.Build.0 = Release|x64
		{1BD7877D-8E2F-4BD7-AB01-0538DE606677}.Release|x86.ActiveCfg = Release|Win32
		{1BD7877D-8E2F-4BD7-AB01-0538DE606677}.Release|x86.Build.0 = Release|Win32
		{E7528A2A-5DB3-4B32-8750-CC663CE22C01}.Debug|x64.ActiveCfg = Debug|x64
		{E7528A2A-5DB3-4B32-8750-CC663CE22C01}.Debug|x64.Build.0 = Debug|x64
		{E7528A2A-5DB3-4B32-8750-CC663CE22C01}.Debug|x86.ActiveCfg = Debug|Win32
		{E7528A2A-5DB3-4B32-8750-CC663CE22C01}.Debug|x86.Build.0 = Debug|Win32
		{E7528A2A-5DB3-4B32-8750-CC663CE22C01}.Release|x64.ActiveCfg = Release|x64
		{E7528A2A-5DB3-4B32-8750-CC663CE22C01}.Release|x64.Build.0 = Release|x64
		{E7528A2A-5DB3-4B32-8750-CC663CE22C01}.Release|x86.ActiveCfg = Release|Win32
		{E7528A2A-5DB3-4B32-8750-CC663CE22C01}.Release|x86.Build.0 = Release|Win32
		{78C7CCB8-EE15-4E93-B796-07EA60BA6F68}.Debug|x64.ActiveCfg = Debug|x64
		{78C7CCB8-EE15-4E93-B796-07EA60BA6F68}.Debug|x64.Build.0 = Debug|x64
		{78C7CCB8-EE15-4E93-B796-07EA60BA6F68}.Debug|x86.ActiveCfg = Debug|Win32
		{78C7CCB8-EE15-4E93-B796-07EA60BA6F68}.Debug|x86.Build.0 = Debug|Win32
		{78C7CCB8-EE15-4E93-B796-07EA60BA6F68}.Release|x64.ActiveCfg = Release|x64
		{78C7CCB8-EE15-4E93-B796-07EA60BA6F68}.Release|x64.Build.0 = Release|x64
		{78C7CCB8-EE15-4E93-B796-07EA60BA6F68}.Release|x86.ActiveCfg = Release|Win32
		{78C7CCB8-EE15-4E93-B796-07EA60BA6F68}.Release|x86.Build.0 = Release|Win32
		{AA01B5F0-F55D-49A9-B2F8-202559683056}.Debug|x64.ActiveCfg = Debug|x64
		{AA01B5F0-F55D-49A9-B2F8-202559683056}.Debug|x64.Build.0 = Debug|x64
		{AA01B5F0-F55D-49A9-B2F8-202559683056}.Debug|x86.ActiveCfg = Debug|Win32
		{AA01B5F0-F55D-49A9-B2F8-202559683056}.Debug|x86.Build.0 = Debug|Win32
		{AA01B5F0-F55D-49A9-B2F8-202559683056}.Release|x64.ActiveCfg = Release|x64
		{AA01B5F0-F55D-49A9-B2F8-202559683056}.Release|x64.Build.0 = Release|x64
		{AA01B5F0-F55D-49A9-B2F8-202559683056}.Release|x86.ActiveCfg = Release|Win32
		{AA01B5F0-F55D-49A9-B2F8-202559683056}.Release|x86.Build.0 = Release|Win32
		{CFFBFD05-9B43-4DD6-83E2-929E892C8834}.Debug|x64.ActiveCfg = Debug|x64
		{CFFBFD05-9B43-4DD6-83E2-929E892C8834}.Debug|x64.Build.0 = Debug|x64
		{CFFBFD05-9B43-4DD6-83E2-929E892C8834}.Debug|x86.ActiveCfg = Debug|Win32
		{CFFBFD05-9B43-4DD6-83E2-929E892C8834}.Debug|x86.Build.0 = Debug|Win32
		{CFFBFD05-9B43-4DD6-83E2-929E892C8834}.Release|x64.ActiveCfg = Release|x64
		{CFFBFD05-9B43-4DD6-83E2-929E892C8834}.Release|x64.Build.0 = Release|x64
		{CFFBFD05-9B43-4DD6-83E2-929E892C8834}.Release|x86.ActiveCfg = Release|Win32
		{CFFBFD05-9B43-4DD6-83E2-929E892C8834}.Release|x86.Build.0 = Release|Win32
		{B11D9E89-7258-48FB-9787-DE1B401A4E5F}.Debug|x64.ActiveCfg = Debug|x64
		{B11D9E89-7258-48FB-9787-DE1B401A4E5F}.Debug|x64.Build.0 = Debug|x64
		{B11D9E89-7258-48FB-9787-DE1B401A4E5F}.Debug|x86.ActiveCfg = Debug|Win32
		{B11D9E89-7258-48FB-9787-DE1B401A4E5F}.Debug|x86.Build.0 = Debug|Win32
		{B11D9E89-7258-48FB-9787-DE1B401A4E5F}.Release|x64.ActiveCfg = Release|x64
		{B11D9E89-7258-48FB-9787-DE1B401A4E5F}.Release|x64.Build.0 = Release|x64
		{B11D9E89-7258-48FB-9787-DE1B401A4E5F}.Release|x86.ActiveCfg = Release|Win32
		{B11D9E89-7258-48FB-9787-DE1B401A4E5F}.Release|x86.Build.0 = Release|Win32
		{BA4156F6-5A12-4BB6-8EED-AD6A591EDB3B}.Debug|x64.ActiveCfg = Debug|x64
		{BA4156F6-5A12-4BB6-8EED-AD6A591EDB3B}.Debug|x64.Build.0 = Debug|x64
		{BA4156F6-5A12-4BB6-8EED-AD6A591EDB3B}.Debug|x86.ActiveCfg = Debug|Win32
		{BA4156F6-5A12-4BB6-8EED-AD6A591EDB3B}.Debug|x86.Build.0 = Debug|Win32
		{BA4156F6-5A12-4BB6-8EED-AD6A591EDB3B}.Release|x64.ActiveCfg = Release|x64
		{BA4156F6-5A12-4BB6-8EED-AD6A591EDB3B}.Release|x64.Build.0 = Release|x64
		{BA4156F6-5A12-4BB6-8EED-AD6A591EDB3B}.Release|x86.ActiveCfg = Release|Win32
		{BA4156F6-5A12-4BB6-8EED-AD6A591EDB3B}.Release|x86.Build.0 = Release|Win32
		{24D21FBD-1591-46C8-A215-3EA935225C09}.Debug|x64.ActiveCfg = Debug|x64
		{24D21FBD-1591-46C8-A215-3EA935225C09}.Debug|x64.Build.0 = Debug|x64
		{24D21FBD-1591-46C8-A215-3EA935225C09}.Debug|x86.ActiveCfg = Debug|Win32
		{24D21FBD-1591-46C8-A215-3EA935225C09}.Debug|x86.Build.0 = Debug|Win32
		{24D21FBD-1591-46C8-A215-3EA935225C09}.Release|x64.ActiveCfg = Release|x64
		{24D21FBD-1591-46C8-A215-3EA935225C09}.Release|x64.Build.0 = Release|x64
		{24D21FBD-1591-46C8-A215-3EA935225C09}.Release|x86.ActiveCfg = Release|Win32
		{24D21FBD-1591-46C8-A215-3EA935225C09}.Release|x86.Build.0 = Release|Win32
		{3AE3E6DD-CECC-4618-B3C4-279F080FD071}.Debug|x64.ActiveCfg = Debug|x64
		{3AE3E6DD-CECC-4618-B3C4-279F080FD071}.Debug|x64.Build.0 = Debug|x64
		{3AE3E6DD-CECC-4618-B3C4-279F080FD071}.Debug|x86.ActiveCfg = Debug|Win32
		{3AE3E6DD-CECC-4618-B3C4-279F080FD071}.Debug|x86.Build.0 = Debug|Win32
		{3AE3E6DD-CECC-4618-B3C4-279F080FD071}.Release|x64.ActiveCfg = Release|x64
		{3AE3E6DD-CECC-4618-B3C4-279F080FD071}.Release|x64.Build.0 = Release|x64
		{3AE3E6DD-CECC-4618-B3C4-279F080FD071}.Release|x86.ActiveCfg = Release|Win32
		{3AE3E6DD-CECC-4618-B3C4-279F080FD071}.Release|x86.Build.0 = Release|Win32
		{9600A9EF-C760-4A05-8CD4-989EB26122E2}.Debug|x64.ActiveCfg = Debug|x64
		{9600A9EF-C760-4A05-8CD4-989EB26122E2}.Debug|x64.Build.0 = Debug|x64
		{9600A9EF-C760-4A05-8CD4-989EB26122E2}.Debug|x86.ActiveCfg = Debug|Win32
		{9600A9EF-C760-4A05-8CD4-989EB26122E2}.Debug|x86.Build.0 = Debug|Win32
		{9600A9EF-C760-4A05-8CD4-989EB26122E2}.Release|x64.ActiveCfg = Release|x64
		{9600A9EF-C760-4A05-8CD4-989EB26122E2}.Release|x64.Build.0 = Release|x64
		{9600A9EF-C760-4A05-8CD4-989EB26122E2}.Release|x86.ActiveCfg = Release|Win32
		{9600A9EF-C760-4A05-8CD4-989EB26122E2}.Release|x86.Build.0 = Release|Win32
		{F76E9290-0C78-4A85-A48A-7D3E61B32B7B}.Debug|x64.ActiveCfg = Debug|x64
		{F76E9290-0C78-4A85-A48A-7D3E61B32B7B}.Debug|x64.Build.0 = Debug|x64
		{F76E9290-0C78-4A85-A48A-7D3E61B32B7B}.Debug|x86.ActiveCfg = Debug|Win32
		{F76E9290-0C78-4A85-A48A-7D3E61B32B7B}.Debug|x86.Build.0 = Debug|Win32
		{F76E9290-0C78-4A85-A48A-7D3E61B32B7B}.Release|x64.ActiveCfg = Release|x64
		{F76E9290-0C78-4A85-A48A-7D3E61B32B7B}.Release|x64.Build.0 = Release|x64
		{F76E9290-0C78-4A85-A48A-7D3E61B32B7B}.Release|x86.ActiveCfg = Release|Win32
		{F76E9290-0C78-4A85-A48A-7D3E61B32B7B}.Release|x86.Build.0 = Release|Win32
		{53303F84-A718-4850-B198-F35951A2EBDE}.Debug|x64.ActiveCfg = Debug|x64
		{53303F84-A718-4850-B198-F35951A2EBDE}.Debug|x64.Build.0 = Debug|x64
		{53303F84-A718-4850-B198-F35951A2EBDE}.Debug|x86.ActiveCfg = Debug|Win32
		{53303F84-A718-4850-B198-F35951A2EBDE}.Debug|x86.Build.0 = Debug|Win32
		{53303F84-A718-4850-B198-F35951A2EBDE}.Release|x64.ActiveCfg = Release|x64
		{53303F84-A718-4850-B198-F35951A2EBDE}.Release|x64.Build.0 = Release|x64
		{53303F84-A718-4850-B198-F35951A2EBDE}.Release|x86.ActiveCfg = Release|Win32
		{53303F84-A718-4850-B198-F35951A2EBDE}.Release|x86.Build.0 = Release|Win32
		{F513FEEC-F295-4E82-A995-905565F32DBF}.Debug|x64.ActiveCfg = Debug|x64
		{F513FEEC-F295-4E82-A995-905565F32DBF}.Debug|x64.Build.0 = Debug|x64
		{F513FEEC-F295-4E82-A995-905565F32DBF}.Debug|x86.ActiveCfg = Debug|Win32
		{F513FEEC-F295-4E82-A995-905565F32DBF}.Debug|x86.Build.0 = Debug|Win32
		{F513FEEC-F295-4E82-A995-905565F32DBF}.Release|x64.ActiveCfg = Release|x64
		{F513FEEC-F295-4E82-A995-905565F32DBF}.Release|x64.Build.0 = Release|x64
		{F513FEEC-F295-4E82-A995-905565F32DBF}.Release|x86.ActiveCfg = Release|Win32
		{F513FEEC-F295-4E82-A995-905565F32DBF}.Release|x86.Build.0 = Release|Win32
		{C743D99A-6613-4ACA-96F7-8DF3A689B458}.Debug|x64.ActiveCfg = Debug|x64
		{C743D99A-6613-4ACA-96F7-8DF3A689B458}.Debug|x64.Build.0 = Debug|x64
		{C743D99A-6613-4ACA-96F7-8DF3A689B458}.Debug|x86.ActiveCfg = Debug|Win32
		{C743D99A-6613-4ACA-96F7-8DF3A689B458}.Debug|x86.Build.0 = Debug|Win32
		{C743D99A-6613-4ACA-96F7-8DF3A689B458}.Release|x64.ActiveCfg = Release|x64
		{C743D99A-6613-4ACA-96F7-8DF3A689B458}.Release|x64.Build.0 = Release|x64
		{C743D99A-6613-4ACA-96F7-8DF3A689B458}.Release|x86.ActiveCfg = Release|Win32
		{C743D99A-6613-4ACA-96F7-8DF3A689B458}.Release|x86.Build.0 = Release|Win32
		{FEA9B57C-7CEC-44A2-86FB-263FC007EA8D}.Debug|x64.ActiveCfg = Debug|x64
		{FEA9B57C-7CEC-44A2-86FB-263FC007EA8D}.Debug|x64.Build.0 = Debug|x64
		{FEA9B57C-7CEC-44A2-86FB-263FC007EA8D}.Debug|x86.ActiveCfg = Debug|Win32
		{FEA9B57C-7CEC-44A2-86FB-263FC007EA8D}.Debug|x86.Build.0 = Debug|Win32
		{FEA9B57C-7CEC-44A2-86FB-263FC007EA8D}.Release|x64.ActiveCfg = Release|x64
		{FEA9B57C-7CEC-44A2-86FB-263FC007EA8D}.Release|x64.Build.0 = Release|x64
		{FEA9B57C-7CEC-44A2-86FB-263FC007EA8D}.Release|x86.ActiveCfg = Release|Win32
		{FEA9B57C-7CEC-44A2-86FB-263FC007EA8D}.Release|x86.Build.0 = Release|Win32
		{9283C084-7C53-4DA6-A582-D0E91D86ABAC}.Debug|x64.ActiveCfg = Debug|x64
		{9283C084-7C53-4DA6-A582-D0E91D86ABAC}.Debug|x64.Build.0 = Debug|x64
		{9283C084-7C53-4DA6-A582-D0E91D86ABAC}.Debug|x86.ActiveCfg = Debug|Win32
		{9283C084-7C53-4DA6-A582-D0E91D86ABAC}.Debug|x86.Build.0 = Debug|Win32
		{9283C084-7C53-4DA6-A582-D0E91D86ABAC}.Release|x64.ActiveCfg = Release|x64
		{9283C084-7C53-4DA6-A582-D0E91D86ABAC}.Release|x64.Build.0 = Release|x64
		{9283C084-7C53-4DA6-A582-D0E91D86ABAC}.Release|x86.ActiveCfg = Release|Win32
		{9283C084-7C53-4DA6-A582-D0E91D86ABAC}.Release|x86.Build.0 = Release|Win32
		{6A03D259-6458-4C2F-9FD6-8868F666AA07}.Debug|x64.ActiveCfg = Debug|x64
		{6A03D259-6458-4C2F-9FD6-8868F666AA07}.Debug|x64.Build.0 = Debug|x64
		{6A03D259-6458-4C2F-9FD6-8868F666AA07}.Debug|x86.ActiveCfg = Debug|Win32
		{6A03D259-6458-4C2F-9FD6-8868F666AA07}.Debug|x86.Build.0 = Debug|Win32
		{6A03D259-6458-4C2F-9FD6-8868F666AA07}.Release|x64.ActiveCfg = Release|x64
		{6A03D259-6458-4C2F-9FD6-8868F666AA07}.Release|x64.Build.0 = Release|x64
		{6A03D259-6458-4C2F-9FD6-8868F666AA07}.Release|x86.ActiveCfg = Release|Win32
		{6A03D259-6458-4C2F-9FD6-8868F666AA07}.Release|x86.Build.0 = Release|Win32
		{939CF51B-AC45-4EFB-ABF9-ABD678074D65}.Debug|x64.ActiveCfg = Debug|x64
		{939CF51B-AC45-4EFB-ABF9-ABD678074D65}.Debug|x64.Build.0 = Debug|x64
		{939CF51B-AC45-4EFB-ABF9-ABD678074D65}.Debug|x86.ActiveCfg = Debug|Win32
		{939CF51B-AC45-4EFB-ABF9-ABD678074D65}.Debug|x86.Build.0 = Debug|Win32
		{939CF51B-AC45-4EFB-ABF9-ABD678074D65}.Release|x64.ActiveCfg = Release|x64
		{939CF51B-AC45-4EFB-ABF9-ABD678074D65}.Release|x64.Build.0 = Release|x64
		{939CF51B-AC45-4EFB-ABF9-ABD678074D65}.Release|x86.ActiveCfg = Release|Win32
		{939CF51B-AC45-4EFB-ABF9-ABD678074D65}.Release|x86.Build.0 = Release|Win32
		{2C9D0AEB-7C87-4167-AB22-373439B3312D}.Debug|x64.ActiveCfg = Debug|x64
		{2C9D0AEB-7C87-4167-AB22-373439B3312D}.Debug|x64.Build.0 = Debug|x64
		{2C9D0AEB-7C87-4167-AB22-373439B3312D}.Debug|x86.ActiveCfg = Debug|Win32
		{2C9D0AEB-7C87-4167-AB22-373439B3312D}.Debug|x86.Build.0 = Debug|Win32
		{2C9D0AEB-7C87-4167-AB22-373439B3312D}.Release|x64.ActiveCfg = Release|x64
		{2C9D0AEB-7C87-4167-AB22-373439B3312D}.Release|x64.Build.0 = Release|x64
		{2C9D0AEB-7C87-4167-AB22-373439B3312D}.Release|x86.ActiveCfg = Release|Win32
		{2C9D0AEB-7C87-4167-AB22-373439B3312D}.Release|x86.Build.0 = Release|Win32
		{DF5BC942-6280-44B2-99B0-5CDD17BE7D4D}.Debug|x64.ActiveCfg = Debug|x64
		{DF5BC942-6280-44B2-99B0-5CDD17BE7D4D}.Debug|x64.Build.0 = Debug|x64
		{DF5BC942-6280-44B2-99B0-5CDD17BE7D4D}.Debug|x86.ActiveCfg = Debug|Win32
		{DF5BC942-6280-44B2-99B0-5CDD17BE7D4D}.Debug|x86.Build.0 = Debug|Win32
		{DF5BC942-6280-44B2-99B0-5CDD17BE7D4D}.Release|x64.ActiveCfg = Release|x64
		{DF5BC942-6280-44B2-99B0-5CDD17BE7D4D}.Release|x64.Build.0 = Release|x64
		{DF5BC942-6280-44B2-99B0-5CDD17BE7D4D}.Release|x86.ActiveCfg = Release|Win32
		{DF5BC942-6280-44B2-99B0-5CDD17BE7D4D}.Release|x86.Build.0 = Release|Win32
		{3A4734E0-4DC8-4756-A354-8B58BA63E53C}.Debug|x64.ActiveCfg = Debug|x64
		{3A4734E0-4DC8-4756-A354-8B58BA63E53C}.Debug|x64.Build.0 = Debug|x64
		{3A4734E0-4DC8-4756-A354-8B58BA63E53C}.Debug|x86.ActiveCfg = Debug|Win32
		{3A4734E0-4DC8-4756-A354-8B58BA63E53C}.Debug|x86.Build.0 = Debug|Win32
		{3A4734E0-4DC8-4756-A354-8B58BA63E53C}.Release|x64.ActiveCfg = Release|x64
		{3A4734E0-4DC8-4756-A354-8B58BA63E53C}.Release|x64.Build.0 = Release|x64
		{3A4734E0-4DC8-4756-A354-8B58BA63E53C}.Release|x86.ActiveCfg = Release|Win32
		{3A4734E0-4DC8-4756-A354-8B58BA63E53C}.Release|x86.Build.0 = Release|Win32
		{1F89C942-7115-4E78-823D-66FBCD0F4A7D}.Debug|x64.ActiveCfg = Debug|x64
		{1F89C942-7115-4E78-823D-66FBCD0F4A7D}.Debug|x64.Build.0 = Debug|x64
		{1F89C942-7115-4E78-823D-66FBCD0F4A7D}.Debug|x86.ActiveCfg = Debug|Win32
		{1F89C942-7115-4E78-823D-66FBCD0F4A7D}.Debug|x86.Build.0 = Debug|Win32
		{1F89C942-7115-4E78-823D-66FBCD0F4A7D}.Release|x64.ActiveCfg = Release|x64
		{1F89C942-7115-4E78-823D-66FBCD0F4A7D}.Release|x64.Build.0 = Release|x64
		{1F89C942-7115-4E78-823D-66FBCD0F4A7D}.Release|x86.ActiveCfg = Release|Win32
		{1F89C942-7115-4E78-823D-66FBCD0F4A7D}.Release|x86.Build.0 = Release|Win32
		{035DD2B4-8E65-4E6C-AEA4-0D7DF5E80A8D}.Debug|x64.ActiveCfg = Debug|x64
		{035DD2B4-8E65-4E6C-AEA4-0D7DF5E80A8D}.Debug|x64.Build.0 = Debug|x64
		{035DD2B4-8E65-4E6C-AEA4-0D7DF5E80A8D}.Debug|x86.ActiveCfg = Debug|Win32
		{035DD2B4-8E65-4E6C-AEA4-0D7DF5E80A8D}.Debug|x86.Build.0 = Debug|Win32
		{035DD2B4-8E65-4E6C-AEA4-0D7DF5E80A8D}.Release|x64.ActiveCfg = Release|x64
		{035DD2B4-8E65-4E6C-AEA4-0D7DF5E80A8D}.Release|x64.Build.0 = Release|x64
		{035DD2B4-8E65-4E6C-AEA4-0D7DF5E80A8D}.Release|x86.ActiveCfg = Release|Win32
		{035DD2B4-8E65-4E6C-AEA4-0D7DF5E80A8D}.Release|x86.Build.0 = Release|Win32
		{4C23889C-603B-402D-8556-19D4A6E5AE47}.Debug|x64.ActiveCfg = Debug|x64
		{4C23889C-603B-402D-8556-19D4A6E5AE47}.Debug|x64.Build.0 = Debug|x64
		{4C23889C-603B-402D-8556-19D4A6E5AE47}.Debug|x86.ActiveCfg = Debug|Win32
		{4C23889C-603B-402D-8556-19D4A6E5AE47}.Debug|x86.Build.0 = Debug|Win32
		{4C23889C-603B-402D-8556-19D4A6E5AE47}.Release|x64.ActiveCfg = Release|x64
		{4C23889C-603B-402D-8556-19D4A6E5AE47}.Release|x64.Build.0 = Release|x64
		{4C23889C-603B-402D-8556-19D4A6E5AE47}.Release|x86.ActiveCfg = Release|Win32
		{4C23889C-603B-402D-8556-19D4A6E5AE47}.Release|x86.Build.0 = Release|Win32
		{FA5A11B8-FACE-4BA4-B8C5-7127A8015544}.Debug|x64.ActiveCfg = Debug|x64
		{FA5A11B8-FACE-4BA4-B8C5-7127A8015544}.Debug|x64.Build.0 = Debug|x64
		{FA5A11B8-FACE-4BA4-B8C5-7127A8015544}.Debug|x86.ActiveCfg = Debug|Win32
		{FA5A11B8-FACE-4BA4-B8C5-7127A8015544}.Debug|x86.Build.0 = Debug|Win32
		{FA5A11B8-FACE-4BA4-B8C5-7127A8015544}.Release|x64.ActiveCfg = Release|x64
		{FA5A11B8-FACE-4BA4-B8C5-7127A8015544}.Release|x64.Build.0 = Release|x64
		{FA5A11B8-FACE-4BA4-B8C5-7127A8015544}.Release|x86.ActiveCfg = Release|Win32
		{FA5A11B8-FACE-4BA4-B8C5-7127A8015544}.Release|x86.Build.0 = Release|Win32
		{8E92FFB8-189C-4AFD-9515-8EC06FC61BCF}.Debug|x64.ActiveCfg = Debug|x64
		{8E92FFB8-189C-4AFD-9515-8EC06FC61BCF}.Debug|x64.Build.0 = Debug|x64
		{8E92FFB8-189C-4AFD-9515-8EC06FC61BCF}.Debug|x86.ActiveCfg = Debug|Win32
		{8E92FFB8-189C-4AFD-9515-8EC06FC61BCF}.Debug|x86.Build.0 = Debug|Win32
		{8E92FFB8-189C-4AFD-9515-8EC06FC61BCF}.Release|x64.ActiveCfg = Release|x64
		{8E92FFB8-189C-4AFD-9515-8EC06FC61BCF}.Release|x64.Build.0 = Release|x64
		{8E92FFB8-189C-4AFD-9515-8EC06FC61BCF}.Release|x86.ActiveCfg = Release|Win32
		{8E92FFB8-189C-4AFD-9515-8EC06FC61BCF}.Release|x86.Build.0 = Release|Win32
		{EC6F3118-F9E8-406B-A3B6-202934F4ACF5}.Debug|x64.ActiveCfg = Debug|x64
		{EC6F3118-F9E8-406B-A3B6-202934F4ACF5}.Debug|x64.Build.0 = Debug|x64
		{EC6F3118-F9E8-406B-A3B6-202934F4ACF5}.Debug|x86.ActiveCfg = Debug|Win32
		{EC6F3118-F9E8-406B-A3B6-202934F4ACF5}.Debug|x86.Build.0 = Debug|Win32
		{EC6F3118-F9E8-406B-A3B6-202934F4ACF5}.Release|x64.ActiveCfg = Release|x64
		{EC6F3118-F9E8-406B-A3B6-202934F4ACF5}.Release|x64.Build.0 = Release|x64
		{EC6F3118-F9E8-406B-A3B6-202934F4ACF5}.Release|x86.ActiveCfg = Release|Win32
		{EC6F3118-F9E8-406B-A3B6-202934F4ACF5}.Release|x86.Build.0 = Release|Win32
		{14E92104-34AD-460E-9760-27B96967AEDC}.Debug|x64.ActiveCfg = Debug|x64
		{14E92104-34AD-460E-9760-27B96967AEDC}.Debug|x64.Build.0 = Debug|x64
		{14E92104-34AD-460E-9760-27B96967AEDC}.Debug|x86.ActiveCfg = Debug|Win32
		{14E92104-34AD-460E-9760-27B96967AEDC}.Debug|x86.Build.0 = Debug|Win32
		{14E92104-34AD-460E-9760-27B96967AEDC}.Release|x64.ActiveCfg = Release|x64
		{14E92104-34AD-460E-9760-27B96967AEDC}.Release|x64.Build.0 = Release|x64
		{14E92104-34AD-460E-9760-27B96967AEDC}.Release|x86.ActiveCfg = Release|Win32
		{14E92104-34AD-460E-9760-27B96967AEDC}.Release|x86.Build.0 = Release|Win32
		{55774CAA-0884-40FF-8B2A-C97DAE92C394}.Debug|x64.ActiveCfg = Debug|x64
		{55774CAA-0884-40FF-8B2A-C97DAE92C394}.Debug|x64.Build.0 = Debug|x64
		{55774CAA-0884-40FF-8B2A-C97DAE92C394}.Debug|x86.ActiveCfg = Debug|Win32
		{55774CAA-0884-40FF-8B2A-C97DAE92C394}.Debug|x86.Build.0 = Debug|Win32
		{55774CAA-0884-40FF-8B2A-C97DAE92C394}.Release|x64.ActiveCfg = Release|x64
		{55774CAA-0884-40FF-8B2A-C97DAE92C394}.Release|x64.Build.0 = Release|x64
		{55774CAA-0884-40FF-8B2A-C97DAE92C394}.Release|x86.ActiveCfg = Release|Win32
		{55774CAA-0884-40FF-8B2A-C97DAE92C394}.Release|x86.Build.0 = Release|Win32
		{BD74CA29-CB43-4E6D-912C-9C8DB556D799}.Debug|x64.ActiveCfg = Debug|x64
		{BD74CA29-CB43-4E6D-912C-9C8DB556D799}.Debug|x64.Build.0 = Debug|x64
		{BD74CA29-CB43-4E6D-912C-9C8DB556D799}.Debug|x86.ActiveCfg = Debug|Win32
		{BD74CA29-CB43-4E6D-912C-9C8DB556D799}.Debug|x86.Build.0 = Debug|Win32
		{BD74CA29-CB43-4E6D-912C-9C8DB556D799}.Release|x64.ActiveCfg = Release|x64
		{BD74CA29-CB43-4E6D-912C-9C8DB556D799}.Release|x64.Build.0 = Release|x64
		{BD74CA29-CB43-4E6D-912C-9C8DB556D799}.Release|x86.ActiveCfg = Release|Win32
		{BD74CA29-CB43-4E6D-912C-9C8DB556D799}.Release|x86.Build.0 = Release|Win32
	EndGlobalSection
	GlobalSection(SolutionProperties) = preSolution
		HideSolutionNode = FALSE
	EndGlobalSection
	GlobalSection(ExtensibilityGlobals) = postSolution
		SolutionGuid = {448C698C-097B-4B82-99E4-EEC0E732E099}
	EndGlobalSection
EndGlobal
