
Microsoft Visual Studio Solution File, Format Version 12.00
# Visual Studio Version 17
VisualStudioVersion = 17.14.36414.22
MinimumVisualStudioVersion = 10.0.40219.1
Project("{8BC9CEB8-8B4A-11D0-8D11-00A0C91BC942}") = "code01", "data_structures\data_structures.vcxproj", "{43558849-54D1-4C03-A4F1-32CBF691CD4C}"
EndProject
Project("{8BC9CEB8-8B4A-11D0-8D11-00A0C91BC942}") = "code02", "code02\code02.vcxproj", "{49842839-868E-48CB-941C-A9162FE53A68}"
EndProject
Project("{8BC9CEB8-8B4A-11D0-8D11-00A0C91BC942}") = "code03", "code03\code03.vcxproj", "{0FD6C501-387B-436D-BE9D-716BD853F6FD}"
EndProject
Project("{8BC9CEB8-8B4A-11D0-8D11-00A0C91BC942}") = "code04", "code04\code04.vcxproj", "{2600A284-0DFF-47E3-A5F5-A70A5635E87A}"
EndProject
Project("{8BC9CEB8-8B4A-11D0-8D11-00A0C91BC942}") = "code05", "code05\code05.vcxproj", "{E890FA28-E7C3-4C02-B561-03312F22A451}"
EndProject
Project("{8BC9CEB8-8B4A-11D0-8D11-00A0C91BC942}") = "code06", "code06\code06.vcxproj", "{A36F187B-A3DB-4FAA-B21B-A17DF0BFE9D5}"
EndProject
Project("{8BC9CEB8-8B4A-11D0-8D11-00A0C91BC942}") = "cpp07_array_reallocation", "code07\code07.vcxproj", "{F7F8D5C8-8581-4CF7-BFB1-62C4B356B217}"
EndProject
Project("{8BC9CEB8-8B4A-11D0-8D11-00A0C91BC942}") = "G_A01_01", "Group_Activity01_01\Group_Activity01_01.vcxproj", "{E3C93C34-095D-44F0-AD5D-6F5FEB44CB67}"
EndProject
Project("{8BC9CEB8-8B4A-11D0-8D11-00A0C91BC942}") = "G_A01_02", "G_A01_02\G_A01_02.vcxproj", "{AC0AA8BC-2CFB-4E28-8322-4D9C682E5ACB}"
EndProject
Project("{8BC9CEB8-8B4A-11D0-8D11-00A0C91BC942}") = "G_A01_03", "G_A01_03\G_A01_03.vcxproj", "{5F4AB446-E27C-4ACD-AD3A-0254A9857FDA}"
EndProject
Project("{8BC9CEB8-8B4A-11D0-8D11-00A0C91BC942}") = "G_A01_04", "G_A01_04\G_A01_04.vcxproj", "{12E743EC-F7BC-490F-9003-429FC3C6A272}"
EndProject
Project("{8BC9CEB8-8B4A-11D0-8D11-00A0C91BC942}") = "G_A01_05", "G_A_05\G_A_05.vcxproj", "{04FB7CEB-2F2E-4C44-8E06-DBE2B919E747}"
EndProject
Project("{8BC9CEB8-8B4A-11D0-8D11-00A0C91BC942}") = "G_A01_06", "G_A01_06\G_A01_06.vcxproj", "{0185C274-4EBF-47E4-8D2C-5B09AB7FFB60}"
EndProject
Project("{8BC9CEB8-8B4A-11D0-8D11-00A0C91BC942}") = "G_A01_07", "G_A01_07\G_A01_07.vcxproj", "{64705481-C59E-47B7-9878-6D3B6537CC40}"
EndProject
Project("{8BC9CEB8-8B4A-11D0-8D11-00A0C91BC942}") = "G_A01_08", "G_A01_08\G_A01_08.vcxproj", "{B61A6D30-A092-4AA6-B6B4-F186C3F37489}"
EndProject
Project("{8BC9CEB8-8B4A-11D0-8D11-00A0C91BC942}") = "G_A01_09", "G_A01_09\G_A01_09.vcxproj", "{21FB588E-D7F8-4824-BDAD-87D149E9F876}"
EndProject
Project("{8BC9CEB8-8B4A-11D0-8D11-00A0C91BC942}") = "G_A01_10", "G_A01_10\G_A01_10.vcxproj", "{F75B60E3-D057-451C-9761-A0ABE905CF43}"
EndProject
Project("{8BC9CEB8-8B4A-11D0-8D11-00A0C91BC942}") = "G_A01_11", "G_A01_11\G_A01_11.vcxproj", "{72F706D9-3AB3-421F-9162-D0A2A6B52A9C}"
EndProject
Project("{8BC9CEB8-8B4A-11D0-8D11-00A0C91BC942}") = "G_A01_12", "G_A01_12\G_A01_12.vcxproj", "{052C7098-C0FA-43C4-99DE-DD923189E259}"
EndProject
Project("{8BC9CEB8-8B4A-11D0-8D11-00A0C91BC942}") = "G_A01_13", "G_A01_13\G_A01_13.vcxproj", "{37E72B23-55E0-428F-B90A-F5B521F0B218}"
EndProject
Project("{8BC9CEB8-8B4A-11D0-8D11-00A0C91BC942}") = "G_A01_14", "G_A01_14\G_A01_14.vcxproj", "{40B61078-018C-4A4E-AF74-238A1360692F}"
EndProject
Project("{8BC9CEB8-8B4A-11D0-8D11-00A0C91BC942}") = "G_A01_15", "G_A01_15\G_A01_15.vcxproj", "{030BF93D-FD2B-4499-B8A4-8563E9D35D16}"
EndProject
Project("{8BC9CEB8-8B4A-11D0-8D11-00A0C91BC942}") = "G_A01_16", "G_A01_16'\G_A01_16'.vcxproj", "{F3909DC9-1547-4705-B8E0-CA78EFA59DDF}"
EndProject
Project("{8BC9CEB8-8B4A-11D0-8D11-00A0C91BC942}") = "G_A01_17", "G_A01_17\G_A01_17.vcxproj", "{27B70054-436B-478F-8625-079F8507F5A5}"
EndProject
Project("{8BC9CEB8-8B4A-11D0-8D11-00A0C91BC942}") = "G_A01_18", "G_A01_18\G_A01_18.vcxproj", "{F28CAAF4-B97B-4C82-9109-09C6543C4037}"
EndProject
Project("{8BC9CEB8-8B4A-11D0-8D11-00A0C91BC942}") = "G_A01_19", "G_A01_19\G_A01_19.vcxproj", "{33972E19-3A86-4D12-8542-3027B63F34C4}"
EndProject
Project("{8BC9CEB8-8B4A-11D0-8D11-00A0C91BC942}") = "G_A01_20", "G_A01_20\G_A01_20.vcxproj", "{9F8BF677-0808-4303-8EFA-C8E7904DD1E7}"
EndProject
Project("{8BC9CEB8-8B4A-11D0-8D11-00A0C91BC942}") = "G_A01_21", "G_A01_21\G_A01_21.vcxproj", "{F947D0C6-ADAD-4B38-95E2-AD825F3EACDB}"
EndProject
Global
	GlobalSection(SolutionConfigurationPlatforms) = preSolution
		Debug|x64 = Debug|x64
		Debug|x86 = Debug|x86
		Release|x64 = Release|x64
		Release|x86 = Release|x86
	EndGlobalSection
	GlobalSection(ProjectConfigurationPlatforms) = postSolution
		{43558849-54D1-4C03-A4F1-32CBF691CD4C}.Debug|x64.ActiveCfg = Debug|x64
		{43558849-54D1-4C03-A4F1-32CBF691CD4C}.Debug|x64.Build.0 = Debug|x64
		{43558849-54D1-4C03-A4F1-32CBF691CD4C}.Debug|x86.ActiveCfg = Debug|Win32
		{43558849-54D1-4C03-A4F1-32CBF691CD4C}.Debug|x86.Build.0 = Debug|Win32
		{43558849-54D1-4C03-A4F1-32CBF691CD4C}.Release|x64.ActiveCfg = Release|x64
		{43558849-54D1-4C03-A4F1-32CBF691CD4C}.Release|x64.Build.0 = Release|x64
		{43558849-54D1-4C03-A4F1-32CBF691CD4C}.Release|x86.ActiveCfg = Release|Win32
		{43558849-54D1-4C03-A4F1-32CBF691CD4C}.Release|x86.Build.0 = Release|Win32
		{49842839-868E-48CB-941C-A9162FE53A68}.Debug|x64.ActiveCfg = Debug|x64
		{49842839-868E-48CB-941C-A9162FE53A68}.Debug|x64.Build.0 = Debug|x64
		{49842839-868E-48CB-941C-A9162FE53A68}.Debug|x86.ActiveCfg = Debug|Win32
		{49842839-868E-48CB-941C-A9162FE53A68}.Debug|x86.Build.0 = Debug|Win32
		{49842839-868E-48CB-941C-A9162FE53A68}.Release|x64.ActiveCfg = Release|x64
		{49842839-868E-48CB-941C-A9162FE53A68}.Release|x64.Build.0 = Release|x64
		{49842839-868E-48CB-941C-A9162FE53A68}.Release|x86.ActiveCfg = Release|Win32
		{49842839-868E-48CB-941C-A9162FE53A68}.Release|x86.Build.0 = Release|Win32
		{0FD6C501-387B-436D-BE9D-716BD853F6FD}.Debug|x64.ActiveCfg = Debug|x64
		{0FD6C501-387B-436D-BE9D-716BD853F6FD}.Debug|x64.Build.0 = Debug|x64
		{0FD6C501-387B-436D-BE9D-716BD853F6FD}.Debug|x86.ActiveCfg = Debug|Win32
		{0FD6C501-387B-436D-BE9D-716BD853F6FD}.Debug|x86.Build.0 = Debug|Win32
		{0FD6C501-387B-436D-BE9D-716BD853F6FD}.Release|x64.ActiveCfg = Release|x64
		{0FD6C501-387B-436D-BE9D-716BD853F6FD}.Release|x64.Build.0 = Release|x64
		{0FD6C501-387B-436D-BE9D-716BD853F6FD}.Release|x86.ActiveCfg = Release|Win32
		{0FD6C501-387B-436D-BE9D-716BD853F6FD}.Release|x86.Build.0 = Release|Win32
		{2600A284-0DFF-47E3-A5F5-A70A5635E87A}.Debug|x64.ActiveCfg = Debug|x64
		{2600A284-0DFF-47E3-A5F5-A70A5635E87A}.Debug|x64.Build.0 = Debug|x64
		{2600A284-0DFF-47E3-A5F5-A70A5635E87A}.Debug|x86.ActiveCfg = Debug|Win32
		{2600A284-0DFF-47E3-A5F5-A70A5635E87A}.Debug|x86.Build.0 = Debug|Win32
		{2600A284-0DFF-47E3-A5F5-A70A5635E87A}.Release|x64.ActiveCfg = Release|x64
		{2600A284-0DFF-47E3-A5F5-A70A5635E87A}.Release|x64.Build.0 = Release|x64
		{2600A284-0DFF-47E3-A5F5-A70A5635E87A}.Release|x86.ActiveCfg = Release|Win32
		{2600A284-0DFF-47E3-A5F5-A70A5635E87A}.Release|x86.Build.0 = Release|Win32
		{E890FA28-E7C3-4C02-B561-03312F22A451}.Debug|x64.ActiveCfg = Debug|x64
		{E890FA28-E7C3-4C02-B561-03312F22A451}.Debug|x64.Build.0 = Debug|x64
		{E890FA28-E7C3-4C02-B561-03312F22A451}.Debug|x86.ActiveCfg = Debug|Win32
		{E890FA28-E7C3-4C02-B561-03312F22A451}.Debug|x86.Build.0 = Debug|Win32
		{E890FA28-E7C3-4C02-B561-03312F22A451}.Release|x64.ActiveCfg = Release|x64
		{E890FA28-E7C3-4C02-B561-03312F22A451}.Release|x64.Build.0 = Release|x64
		{E890FA28-E7C3-4C02-B561-03312F22A451}.Release|x86.ActiveCfg = Release|Win32
		{E890FA28-E7C3-4C02-B561-03312F22A451}.Release|x86.Build.0 = Release|Win32
		{A36F187B-A3DB-4FAA-B21B-A17DF0BFE9D5}.Debug|x64.ActiveCfg = Debug|x64
		{A36F187B-A3DB-4FAA-B21B-A17DF0BFE9D5}.Debug|x64.Build.0 = Debug|x64
		{A36F187B-A3DB-4FAA-B21B-A17DF0BFE9D5}.Debug|x86.ActiveCfg = Debug|Win32
		{A36F187B-A3DB-4FAA-B21B-A17DF0BFE9D5}.Debug|x86.Build.0 = Debug|Win32
		{A36F187B-A3DB-4FAA-B21B-A17DF0BFE9D5}.Release|x64.ActiveCfg = Release|x64
		{A36F187B-A3DB-4FAA-B21B-A17DF0BFE9D5}.Release|x64.Build.0 = Release|x64
		{A36F187B-A3DB-4FAA-B21B-A17DF0BFE9D5}.Release|x86.ActiveCfg = Release|Win32
		{A36F187B-A3DB-4FAA-B21B-A17DF0BFE9D5}.Release|x86.Build.0 = Release|Win32
		{F7F8D5C8-8581-4CF7-BFB1-62C4B356B217}.Debug|x64.ActiveCfg = Debug|x64
		{F7F8D5C8-8581-4CF7-BFB1-62C4B356B217}.Debug|x64.Build.0 = Debug|x64
		{F7F8D5C8-8581-4CF7-BFB1-62C4B356B217}.Debug|x86.ActiveCfg = Debug|Win32
		{F7F8D5C8-8581-4CF7-BFB1-62C4B356B217}.Debug|x86.Build.0 = Debug|Win32
		{F7F8D5C8-8581-4CF7-BFB1-62C4B356B217}.Release|x64.ActiveCfg = Release|x64
		{F7F8D5C8-8581-4CF7-BFB1-62C4B356B217}.Release|x64.Build.0 = Release|x64
		{F7F8D5C8-8581-4CF7-BFB1-62C4B356B217}.Release|x86.ActiveCfg = Release|Win32
		{F7F8D5C8-8581-4CF7-BFB1-62C4B356B217}.Release|x86.Build.0 = Release|Win32
		{E3C93C34-095D-44F0-AD5D-6F5FEB44CB67}.Debug|x64.ActiveCfg = Debug|x64
		{E3C93C34-095D-44F0-AD5D-6F5FEB44CB67}.Debug|x64.Build.0 = Debug|x64
		{E3C93C34-095D-44F0-AD5D-6F5FEB44CB67}.Debug|x86.ActiveCfg = Debug|Win32
		{E3C93C34-095D-44F0-AD5D-6F5FEB44CB67}.Debug|x86.Build.0 = Debug|Win32
		{E3C93C34-095D-44F0-AD5D-6F5FEB44CB67}.Release|x64.ActiveCfg = Release|x64
		{E3C93C34-095D-44F0-AD5D-6F5FEB44CB67}.Release|x64.Build.0 = Release|x64
		{E3C93C34-095D-44F0-AD5D-6F5FEB44CB67}.Release|x86.ActiveCfg = Release|Win32
		{E3C93C34-095D-44F0-AD5D-6F5FEB44CB67}.Release|x86.Build.0 = Release|Win32
		{AC0AA8BC-2CFB-4E28-8322-4D9C682E5ACB}.Debug|x64.ActiveCfg = Debug|x64
		{AC0AA8BC-2CFB-4E28-8322-4D9C682E5ACB}.Debug|x64.Build.0 = Debug|x64
		{AC0AA8BC-2CFB-4E28-8322-4D9C682E5ACB}.Debug|x86.ActiveCfg = Debug|Win32
		{AC0AA8BC-2CFB-4E28-8322-4D9C682E5ACB}.Debug|x86.Build.0 = Debug|Win32
		{AC0AA8BC-2CFB-4E28-8322-4D9C682E5ACB}.Release|x64.ActiveCfg = Release|x64
		{AC0AA8BC-2CFB-4E28-8322-4D9C682E5ACB}.Release|x64.Build.0 = Release|x64
		{AC0AA8BC-2CFB-4E28-8322-4D9C682E5ACB}.Release|x86.ActiveCfg = Release|Win32
		{AC0AA8BC-2CFB-4E28-8322-4D9C682E5ACB}.Release|x86.Build.0 = Release|Win32
		{5F4AB446-E27C-4ACD-AD3A-0254A9857FDA}.Debug|x64.ActiveCfg = Debug|x64
		{5F4AB446-E27C-4ACD-AD3A-0254A9857FDA}.Debug|x64.Build.0 = Debug|x64
		{5F4AB446-E27C-4ACD-AD3A-0254A9857FDA}.Debug|x86.ActiveCfg = Debug|Win32
		{5F4AB446-E27C-4ACD-AD3A-0254A9857FDA}.Debug|x86.Build.0 = Debug|Win32
		{5F4AB446-E27C-4ACD-AD3A-0254A9857FDA}.Release|x64.ActiveCfg = Release|x64
		{5F4AB446-E27C-4ACD-AD3A-0254A9857FDA}.Release|x64.Build.0 = Release|x64
		{5F4AB446-E27C-4ACD-AD3A-0254A9857FDA}.Release|x86.ActiveCfg = Release|Win32
		{5F4AB446-E27C-4ACD-AD3A-0254A9857FDA}.Release|x86.Build.0 = Release|Win32
		{12E743EC-F7BC-490F-9003-429FC3C6A272}.Debug|x64.ActiveCfg = Debug|x64
		{12E743EC-F7BC-490F-9003-429FC3C6A272}.Debug|x64.Build.0 = Debug|x64
		{12E743EC-F7BC-490F-9003-429FC3C6A272}.Debug|x86.ActiveCfg = Debug|Win32
		{12E743EC-F7BC-490F-9003-429FC3C6A272}.Debug|x86.Build.0 = Debug|Win32
		{12E743EC-F7BC-490F-9003-429FC3C6A272}.Release|x64.ActiveCfg = Release|x64
		{12E743EC-F7BC-490F-9003-429FC3C6A272}.Release|x64.Build.0 = Release|x64
		{12E743EC-F7BC-490F-9003-429FC3C6A272}.Release|x86.ActiveCfg = Release|Win32
		{12E743EC-F7BC-490F-9003-429FC3C6A272}.Release|x86.Build.0 = Release|Win32
		{04FB7CEB-2F2E-4C44-8E06-DBE2B919E747}.Debug|x64.ActiveCfg = Debug|x64
		{04FB7CEB-2F2E-4C44-8E06-DBE2B919E747}.Debug|x64.Build.0 = Debug|x64
		{04FB7CEB-2F2E-4C44-8E06-DBE2B919E747}.Debug|x86.ActiveCfg = Debug|Win32
		{04FB7CEB-2F2E-4C44-8E06-DBE2B919E747}.Debug|x86.Build.0 = Debug|Win32
		{04FB7CEB-2F2E-4C44-8E06-DBE2B919E747}.Release|x64.ActiveCfg = Release|x64
		{04FB7CEB-2F2E-4C44-8E06-DBE2B919E747}.Release|x64.Build.0 = Release|x64
		{04FB7CEB-2F2E-4C44-8E06-DBE2B919E747}.Release|x86.ActiveCfg = Release|Win32
		{04FB7CEB-2F2E-4C44-8E06-DBE2B919E747}.Release|x86.Build.0 = Release|Win32
		{0185C274-4EBF-47E4-8D2C-5B09AB7FFB60}.Debug|x64.ActiveCfg = Debug|x64
		{0185C274-4EBF-47E4-8D2C-5B09AB7FFB60}.Debug|x64.Build.0 = Debug|x64
		{0185C274-4EBF-47E4-8D2C-5B09AB7FFB60}.Debug|x86.ActiveCfg = Debug|Win32
		{0185C274-4EBF-47E4-8D2C-5B09AB7FFB60}.Debug|x86.Build.0 = Debug|Win32
		{0185C274-4EBF-47E4-8D2C-5B09AB7FFB60}.Release|x64.ActiveCfg = Release|x64
		{0185C274-4EBF-47E4-8D2C-5B09AB7FFB60}.Release|x64.Build.0 = Release|x64
		{0185C274-4EBF-47E4-8D2C-5B09AB7FFB60}.Release|x86.ActiveCfg = Release|Win32
		{0185C274-4EBF-47E4-8D2C-5B09AB7FFB60}.Release|x86.Build.0 = Release|Win32
		{64705481-C59E-47B7-9878-6D3B6537CC40}.Debug|x64.ActiveCfg = Debug|x64
		{64705481-C59E-47B7-9878-6D3B6537CC40}.Debug|x64.Build.0 = Debug|x64
		{64705481-C59E-47B7-9878-6D3B6537CC40}.Debug|x86.ActiveCfg = Debug|Win32
		{64705481-C59E-47B7-9878-6D3B6537CC40}.Debug|x86.Build.0 = Debug|Win32
		{64705481-C59E-47B7-9878-6D3B6537CC40}.Release|x64.ActiveCfg = Release|x64
		{64705481-C59E-47B7-9878-6D3B6537CC40}.Release|x64.Build.0 = Release|x64
		{64705481-C59E-47B7-9878-6D3B6537CC40}.Release|x86.ActiveCfg = Release|Win32
		{64705481-C59E-47B7-9878-6D3B6537CC40}.Release|x86.Build.0 = Release|Win32
		{B61A6D30-A092-4AA6-B6B4-F186C3F37489}.Debug|x64.ActiveCfg = Debug|x64
		{B61A6D30-A092-4AA6-B6B4-F186C3F37489}.Debug|x64.Build.0 = Debug|x64
		{B61A6D30-A092-4AA6-B6B4-F186C3F37489}.Debug|x86.ActiveCfg = Debug|Win32
		{B61A6D30-A092-4AA6-B6B4-F186C3F37489}.Debug|x86.Build.0 = Debug|Win32
		{B61A6D30-A092-4AA6-B6B4-F186C3F37489}.Release|x64.ActiveCfg = Release|x64
		{B61A6D30-A092-4AA6-B6B4-F186C3F37489}.Release|x64.Build.0 = Release|x64
		{B61A6D30-A092-4AA6-B6B4-F186C3F37489}.Release|x86.ActiveCfg = Release|Win32
		{B61A6D30-A092-4AA6-B6B4-F186C3F37489}.Release|x86.Build.0 = Release|Win32
		{21FB588E-D7F8-4824-BDAD-87D149E9F876}.Debug|x64.ActiveCfg = Debug|x64
		{21FB588E-D7F8-4824-BDAD-87D149E9F876}.Debug|x64.Build.0 = Debug|x64
		{21FB588E-D7F8-4824-BDAD-87D149E9F876}.Debug|x86.ActiveCfg = Debug|Win32
		{21FB588E-D7F8-4824-BDAD-87D149E9F876}.Debug|x86.Build.0 = Debug|Win32
		{21FB588E-D7F8-4824-BDAD-87D149E9F876}.Release|x64.ActiveCfg = Release|x64
		{21FB588E-D7F8-4824-BDAD-87D149E9F876}.Release|x64.Build.0 = Release|x64
		{21FB588E-D7F8-4824-BDAD-87D149E9F876}.Release|x86.ActiveCfg = Release|Win32
		{21FB588E-D7F8-4824-BDAD-87D149E9F876}.Release|x86.Build.0 = Release|Win32
		{F75B60E3-D057-451C-9761-A0ABE905CF43}.Debug|x64.ActiveCfg = Debug|x64
		{F75B60E3-D057-451C-9761-A0ABE905CF43}.Debug|x64.Build.0 = Debug|x64
		{F75B60E3-D057-451C-9761-A0ABE905CF43}.Debug|x86.ActiveCfg = Debug|Win32
		{F75B60E3-D057-451C-9761-A0ABE905CF43}.Debug|x86.Build.0 = Debug|Win32
		{F75B60E3-D057-451C-9761-A0ABE905CF43}.Release|x64.ActiveCfg = Release|x64
		{F75B60E3-D057-451C-9761-A0ABE905CF43}.Release|x64.Build.0 = Release|x64
		{F75B60E3-D057-451C-9761-A0ABE905CF43}.Release|x86.ActiveCfg = Release|Win32
		{F75B60E3-D057-451C-9761-A0ABE905CF43}.Release|x86.Build.0 = Release|Win32
		{72F706D9-3AB3-421F-9162-D0A2A6B52A9C}.Debug|x64.ActiveCfg = Debug|x64
		{72F706D9-3AB3-421F-9162-D0A2A6B52A9C}.Debug|x64.Build.0 = Debug|x64
		{72F706D9-3AB3-421F-9162-D0A2A6B52A9C}.Debug|x86.ActiveCfg = Debug|Win32
		{72F706D9-3AB3-421F-9162-D0A2A6B52A9C}.Debug|x86.Build.0 = Debug|Win32
		{72F706D9-3AB3-421F-9162-D0A2A6B52A9C}.Release|x64.ActiveCfg = Release|x64
		{72F706D9-3AB3-421F-9162-D0A2A6B52A9C}.Release|x64.Build.0 = Release|x64
		{72F706D9-3AB3-421F-9162-D0A2A6B52A9C}.Release|x86.ActiveCfg = Release|Win32
		{72F706D9-3AB3-421F-9162-D0A2A6B52A9C}.Release|x86.Build.0 = Release|Win32
		{052C7098-C0FA-43C4-99DE-DD923189E259}.Debug|x64.ActiveCfg = Debug|x64
		{052C7098-C0FA-43C4-99DE-DD923189E259}.Debug|x64.Build.0 = Debug|x64
		{052C7098-C0FA-43C4-99DE-DD923189E259}.Debug|x86.ActiveCfg = Debug|Win32
		{052C7098-C0FA-43C4-99DE-DD923189E259}.Debug|x86.Build.0 = Debug|Win32
		{052C7098-C0FA-43C4-99DE-DD923189E259}.Release|x64.ActiveCfg = Release|x64
		{052C7098-C0FA-43C4-99DE-DD923189E259}.Release|x64.Build.0 = Release|x64
		{052C7098-C0FA-43C4-99DE-DD923189E259}.Release|x86.ActiveCfg = Release|Win32
		{052C7098-C0FA-43C4-99DE-DD923189E259}.Release|x86.Build.0 = Release|Win32
		{37E72B23-55E0-428F-B90A-F5B521F0B218}.Debug|x64.ActiveCfg = Debug|x64
		{37E72B23-55E0-428F-B90A-F5B521F0B218}.Debug|x64.Build.0 = Debug|x64
		{37E72B23-55E0-428F-B90A-F5B521F0B218}.Debug|x86.ActiveCfg = Debug|Win32
		{37E72B23-55E0-428F-B90A-F5B521F0B218}.Debug|x86.Build.0 = Debug|Win32
		{37E72B23-55E0-428F-B90A-F5B521F0B218}.Release|x64.ActiveCfg = Release|x64
		{37E72B23-55E0-428F-B90A-F5B521F0B218}.Release|x64.Build.0 = Release|x64
		{37E72B23-55E0-428F-B90A-F5B521F0B218}.Release|x86.ActiveCfg = Release|Win32
		{37E72B23-55E0-428F-B90A-F5B521F0B218}.Release|x86.Build.0 = Release|Win32
		{40B61078-018C-4A4E-AF74-238A1360692F}.Debug|x64.ActiveCfg = Debug|x64
		{40B61078-018C-4A4E-AF74-238A1360692F}.Debug|x64.Build.0 = Debug|x64
		{40B61078-018C-4A4E-AF74-238A1360692F}.Debug|x86.ActiveCfg = Debug|Win32
		{40B61078-018C-4A4E-AF74-238A1360692F}.Debug|x86.Build.0 = Debug|Win32
		{40B61078-018C-4A4E-AF74-238A1360692F}.Release|x64.ActiveCfg = Release|x64
		{40B61078-018C-4A4E-AF74-238A1360692F}.Release|x64.Build.0 = Release|x64
		{40B61078-018C-4A4E-AF74-238A1360692F}.Release|x86.ActiveCfg = Release|Win32
		{40B61078-018C-4A4E-AF74-238A1360692F}.Release|x86.Build.0 = Release|Win32
		{030BF93D-FD2B-4499-B8A4-8563E9D35D16}.Debug|x64.ActiveCfg = Debug|x64
		{030BF93D-FD2B-4499-B8A4-8563E9D35D16}.Debug|x64.Build.0 = Debug|x64
		{030BF93D-FD2B-4499-B8A4-8563E9D35D16}.Debug|x86.ActiveCfg = Debug|Win32
		{030BF93D-FD2B-4499-B8A4-8563E9D35D16}.Debug|x86.Build.0 = Debug|Win32
		{030BF93D-FD2B-4499-B8A4-8563E9D35D16}.Release|x64.ActiveCfg = Release|x64
		{030BF93D-FD2B-4499-B8A4-8563E9D35D16}.Release|x64.Build.0 = Release|x64
		{030BF93D-FD2B-4499-B8A4-8563E9D35D16}.Release|x86.ActiveCfg = Release|Win32
		{030BF93D-FD2B-4499-B8A4-8563E9D35D16}.Release|x86.Build.0 = Release|Win32
		{F3909DC9-1547-4705-B8E0-CA78EFA59DDF}.Debug|x64.ActiveCfg = Debug|x64
		{F3909DC9-1547-4705-B8E0-CA78EFA59DDF}.Debug|x64.Build.0 = Debug|x64
		{F3909DC9-1547-4705-B8E0-CA78EFA59DDF}.Debug|x86.ActiveCfg = Debug|Win32
		{F3909DC9-1547-4705-B8E0-CA78EFA59DDF}.Debug|x86.Build.0 = Debug|Win32
		{F3909DC9-1547-4705-B8E0-CA78EFA59DDF}.Release|x64.ActiveCfg = Release|x64
		{F3909DC9-1547-4705-B8E0-CA78EFA59DDF}.Release|x64.Build.0 = Release|x64
		{F3909DC9-1547-4705-B8E0-CA78EFA59DDF}.Release|x86.ActiveCfg = Release|Win32
		{F3909DC9-1547-4705-B8E0-CA78EFA59DDF}.Release|x86.Build.0 = Release|Win32
		{27B70054-436B-478F-8625-079F8507F5A5}.Debug|x64.ActiveCfg = Debug|x64
		{27B70054-436B-478F-8625-079F8507F5A5}.Debug|x64.Build.0 = Debug|x64
		{27B70054-436B-478F-8625-079F8507F5A5}.Debug|x86.ActiveCfg = Debug|Win32
		{27B70054-436B-478F-8625-079F8507F5A5}.Debug|x86.Build.0 = Debug|Win32
		{27B70054-436B-478F-8625-079F8507F5A5}.Release|x64.ActiveCfg = Release|x64
		{27B70054-436B-478F-8625-079F8507F5A5}.Release|x64.Build.0 = Release|x64
		{27B70054-436B-478F-8625-079F8507F5A5}.Release|x86.ActiveCfg = Release|Win32
		{27B70054-436B-478F-8625-079F8507F5A5}.Release|x86.Build.0 = Release|Win32
		{F28CAAF4-B97B-4C82-9109-09C6543C4037}.Debug|x64.ActiveCfg = Debug|x64
		{F28CAAF4-B97B-4C82-9109-09C6543C4037}.Debug|x64.Build.0 = Debug|x64
		{F28CAAF4-B97B-4C82-9109-09C6543C4037}.Debug|x86.ActiveCfg = Debug|Win32
		{F28CAAF4-B97B-4C82-9109-09C6543C4037}.Debug|x86.Build.0 = Debug|Win32
		{F28CAAF4-B97B-4C82-9109-09C6543C4037}.Release|x64.ActiveCfg = Release|x64
		{F28CAAF4-B97B-4C82-9109-09C6543C4037}.Release|x64.Build.0 = Release|x64
		{F28CAAF4-B97B-4C82-9109-09C6543C4037}.Release|x86.ActiveCfg = Release|Win32
		{F28CAAF4-B97B-4C82-9109-09C6543C4037}.Release|x86.Build.0 = Release|Win32
		{33972E19-3A86-4D12-8542-3027B63F34C4}.Debug|x64.ActiveCfg = Debug|x64
		{33972E19-3A86-4D12-8542-3027B63F34C4}.Debug|x64.Build.0 = Debug|x64
		{33972E19-3A86-4D12-8542-3027B63F34C4}.Debug|x86.ActiveCfg = Debug|Win32
		{33972E19-3A86-4D12-8542-3027B63F34C4}.Debug|x86.Build.0 = Debug|Win32
		{33972E19-3A86-4D12-8542-3027B63F34C4}.Release|x64.ActiveCfg = Release|x64
		{33972E19-3A86-4D12-8542-3027B63F34C4}.Release|x64.Build.0 = Release|x64
		{33972E19-3A86-4D12-8542-3027B63F34C4}.Release|x86.ActiveCfg = Release|Win32
		{33972E19-3A86-4D12-8542-3027B63F34C4}.Release|x86.Build.0 = Release|Win32
		{9F8BF677-0808-4303-8EFA-C8E7904DD1E7}.Debug|x64.ActiveCfg = Debug|x64
		{9F8BF677-0808-4303-8EFA-C8E7904DD1E7}.Debug|x64.Build.0 = Debug|x64
		{9F8BF677-0808-4303-8EFA-C8E7904DD1E7}.Debug|x86.ActiveCfg = Debug|Win32
		{9F8BF677-0808-4303-8EFA-C8E7904DD1E7}.Debug|x86.Build.0 = Debug|Win32
		{9F8BF677-0808-4303-8EFA-C8E7904DD1E7}.Release|x64.ActiveCfg = Release|x64
		{9F8BF677-0808-4303-8EFA-C8E7904DD1E7}.Release|x64.Build.0 = Release|x64
		{9F8BF677-0808-4303-8EFA-C8E7904DD1E7}.Release|x86.ActiveCfg = Release|Win32
		{9F8BF677-0808-4303-8EFA-C8E7904DD1E7}.Release|x86.Build.0 = Release|Win32
		{F947D0C6-ADAD-4B38-95E2-AD825F3EACDB}.Debug|x64.ActiveCfg = Debug|x64
		{F947D0C6-ADAD-4B38-95E2-AD825F3EACDB}.Debug|x64.Build.0 = Debug|x64
		{F947D0C6-ADAD-4B38-95E2-AD825F3EACDB}.Debug|x86.ActiveCfg = Debug|Win32
		{F947D0C6-ADAD-4B38-95E2-AD825F3EACDB}.Debug|x86.Build.0 = Debug|Win32
		{F947D0C6-ADAD-4B38-95E2-AD825F3EACDB}.Release|x64.ActiveCfg = Release|x64
		{F947D0C6-ADAD-4B38-95E2-AD825F3EACDB}.Release|x64.Build.0 = Release|x64
		{F947D0C6-ADAD-4B38-95E2-AD825F3EACDB}.Release|x86.ActiveCfg = Release|Win32
		{F947D0C6-ADAD-4B38-95E2-AD825F3EACDB}.Release|x86.Build.0 = Release|Win32
	EndGlobalSection
	GlobalSection(SolutionProperties) = preSolution
		HideSolutionNode = FALSE
	EndGlobalSection
	GlobalSection(ExtensibilityGlobals) = postSolution
		SolutionGuid = {448C698C-097B-4B82-99E4-EEC0E732E099}
	EndGlobalSection
EndGlobal
